
Microsoft Visual Studio Solution File, Format Version 12.00
# Visual Studio Version 18
VisualStudioVersion = 18.0.11217.181
MinimumVisualStudioVersion = 10.0.40219.1
Project("{FAE04EC0-301F-11D3-BF4B-00C04F79EFBC}") = "MergeTwoSortedLists_21", "MergeTwoSortedLists_21_Easy\MergeTwoSortedLists_21.csproj", "{5FC7626E-EDA1-44CC-A8B6-33822973ACC1}"
EndProject
Project("{FAE04EC0-301F-11D3-BF4B-00C04F79EFBC}") = "MergeTwoSortedLists_21_Test", "MergeTwoSortedLists_21_Easy_Test\MergeTwoSortedLists_21_Test.csproj", "{19B28A06-2969-4720-A56F-ECCEF731EB76}"
EndProject
Project("{2150E333-8FDC-42A3-9474-1A3956D46DE8}") = "BuildFoundation", "BuildFoundation", "{8EC462FD-D22E-90A8-E5CE-7E832BA40C5D}"
	ProjectSection(SolutionItems) = preProject
		Strategy.txt = Strategy.txt
	EndProjectSection
EndProject
Project("{2150E333-8FDC-42A3-9474-1A3956D46DE8}") = "29102025-07112025", "29102025-07112025", "{02EA681E-C7D8-13C7-8484-4AC65E1B71E8}"
EndProject
Project("{2150E333-8FDC-42A3-9474-1A3956D46DE8}") = "1_LinkedLists_Easy", "1_LinkedLists_Easy", "{B474158D-6574-484F-AE7B-ED4E99E3E8F0}"
EndProject
Project("{2150E333-8FDC-42A3-9474-1A3956D46DE8}") = "2_BinarySearch_Medium", "2_BinarySearch_Medium", "{1B352BE8-7F97-45E0-9335-72F92455FE90}"
EndProject
Project("{2150E333-8FDC-42A3-9474-1A3956D46DE8}") = "29102025", "29102025", "{A389C4E7-F523-4440-96F7-915B23613804}"
EndProject
Project("{2150E333-8FDC-42A3-9474-1A3956D46DE8}") = "30102025", "30102025", "{2E364FA1-C931-4F33-9255-BA9DC05573D0}"
EndProject
Project("{2150E333-8FDC-42A3-9474-1A3956D46DE8}") = "1_LinkedList_Easy", "1_LinkedList_Easy", "{B765B191-95FB-4684-A3EB-918192BF3B11}"
EndProject
Project("{FAE04EC0-301F-11D3-BF4B-00C04F79EFBC}") = "RemoveDuplicatesFromSortedList_83", "RemoveDuplicatesFromSortedList_83\RemoveDuplicatesFromSortedList_83.csproj", "{41C7C348-376A-49B1-A3A7-7AB9F3375733}"
EndProject
Project("{FAE04EC0-301F-11D3-BF4B-00C04F79EFBC}") = "RemoveDuplicatesFromSortedList_83_Test", "RemoveDuplicatesFromSortedList_83_Test\RemoveDuplicatesFromSortedList_83_Test.csproj", "{F13E4C8A-58FD-4F1E-854D-308FAC74FA20}"
EndProject
Project("{FAE04EC0-301F-11D3-BF4B-00C04F79EFBC}") = "DivideTwoIntegers_29", "DivideTwoIntegers_29\DivideTwoIntegers_29.csproj", "{D871E673-3A66-485A-94E1-FDF3EAED4A21}"
EndProject
Project("{2150E333-8FDC-42A3-9474-1A3956D46DE8}") = "2_BinarySearch_Medium", "2_BinarySearch_Medium", "{6C2F2CEC-D86A-4B7D-B5A6-A2DD210D0828}"
EndProject
Project("{FAE04EC0-301F-11D3-BF4B-00C04F79EFBC}") = "SearchInRotatedSortedArray_3", "SearchInRotatedSortedArray\SearchInRotatedSortedArray_3.csproj", "{8A633278-2070-4F27-99B9-95025E817451}"
EndProject
Project("{2150E333-8FDC-42A3-9474-1A3956D46DE8}") = "31102025", "31102025", "{4915B6DE-ECC7-4B55-9A51-EEF6FCB40E7A}"
EndProject
Project("{2150E333-8FDC-42A3-9474-1A3956D46DE8}") = "1_LinkedList_Easy", "1_LinkedList_Easy", "{2B537541-54DF-4BD0-8EB1-9813DD4CB6D7}"
EndProject
Project("{FAE04EC0-301F-11D3-BF4B-00C04F79EFBC}") = "LinkedListCycle_141", "LinkedListCycle_141\LinkedListCycle_141.csproj", "{6E8238B4-C185-407E-B1C7-85BC54A61FE7}"
EndProject
Project("{FAE04EC0-301F-11D3-BF4B-00C04F79EFBC}") = "LinkedListCycle_141_Test", "LinkedListCycle_141_Test\LinkedListCycle_141_Test.csproj", "{AF4B1631-FD7F-4B43-9BD7-0D00EEAE419B}"
EndProject
Project("{2150E333-8FDC-42A3-9474-1A3956D46DE8}") = "2_BinarySearch_Medium", "2_BinarySearch_Medium", "{83C8C3FB-69D1-477F-A9C1-33B4D41155AD}"
EndProject
Project("{FAE04EC0-301F-11D3-BF4B-00C04F79EFBC}") = "FindFirstAndLastPositionOfElementInSortedArray_34", "FindFirstAndLastPositionOfElementInSortedArray_34\FindFirstAndLastPositionOfElementInSortedArray_34.csproj", "{913E7537-B9E0-43CA-B25D-0B3B837D0B92}"
EndProject
Project("{FAE04EC0-301F-11D3-BF4B-00C04F79EFBC}") = "FindFirstAndLastPositionOfElementInSortedArray_34_Test", "FindFirstAndLastPositionOfElementInSortedArray_34_Test\FindFirstAndLastPositionOfElementInSortedArray_34_Test.csproj", "{641AD7A1-F9F2-4998-9E17-D174B13B8C7B}"
EndProject
Project("{2150E333-8FDC-42A3-9474-1A3956D46DE8}") = "01112025", "01112025", "{D700FFB0-C9EF-49E0-A369-40533017C630}"
EndProject
Project("{2150E333-8FDC-42A3-9474-1A3956D46DE8}") = "1_LinkedList_Easy", "1_LinkedList_Easy", "{F2237775-9293-4976-B946-7AFE90963BE2}"
EndProject
Project("{FAE04EC0-301F-11D3-BF4B-00C04F79EFBC}") = "IntersectionOfTwoLinkedLists_160", "IntersectionOfTwoLinkedLists_160\IntersectionOfTwoLinkedLists_160.csproj", "{510DB8DF-5A22-4A9E-8D07-8F0E94D9BCB6}"
EndProject
Project("{FAE04EC0-301F-11D3-BF4B-00C04F79EFBC}") = "IntersectionOfTwoLinkedLists_160_Test", "IntersectionOfTwoLinkedLists_160_Test\IntersectionOfTwoLinkedLists_160_Test.csproj", "{FDEFD231-08D7-4195-A8ED-3069E13C14FF}"
EndProject
Project("{2150E333-8FDC-42A3-9474-1A3956D46DE8}") = "2_Binary_Search_Medium", "2_Binary_Search_Medium", "{BA0821BE-9733-4A15-9C0F-F29CB9D6AED2}"
EndProject
Project("{FAE04EC0-301F-11D3-BF4B-00C04F79EFBC}") = "PowXN_50", "PowXN\PowXN_50.csproj", "{1600AC3B-92EA-42CD-BCB3-7A08581A63B4}"
EndProject
Project("{FAE04EC0-301F-11D3-BF4B-00C04F79EFBC}") = "PowXN_50_Test", "PowXN_50_Test\PowXN_50_Test.csproj", "{5A1D0D01-7D31-413E-9D86-EB6435AAA53A}"
EndProject
Project("{FAE04EC0-301F-11D3-BF4B-00C04F79EFBC}") = "RemoveLinkedListElements_203", "RemoveLinkedListElements_203\RemoveLinkedListElements_203.csproj", "{D3D80660-EABE-4EE6-8346-F5171ED40487}"
EndProject
Project("{FAE04EC0-301F-11D3-BF4B-00C04F79EFBC}") = "RemoveLinkedListElements_203_Test", "RemoveLinkedListElements_203_Test\RemoveLinkedListElements_203_Test.csproj", "{DD5B0D76-CB48-48C5-A6F3-3D4901764860}"
EndProject
Project("{2150E333-8FDC-42A3-9474-1A3956D46DE8}") = "02112025", "02112025", "{2306642D-4811-4886-B583-BA0D0E638C54}"
EndProject
Project("{2150E333-8FDC-42A3-9474-1A3956D46DE8}") = "1_Linked_List_Easy", "1_Linked_List_Easy", "{FCCD2265-7381-4379-BEFB-CF3BE1E82C3C}"
EndProject
Project("{FAE04EC0-301F-11D3-BF4B-00C04F79EFBC}") = "ReverseLinkedList_206", "ReverseLinkedList_206\ReverseLinkedList_206.csproj", "{067F0B01-F289-4CC1-A150-6B17AA0B55B8}"
EndProject
Project("{FAE04EC0-301F-11D3-BF4B-00C04F79EFBC}") = "ReverseLinkedList_206_Test", "ReverseLinkedList_206_Test\ReverseLinkedList_206_Test.csproj", "{E01A22C5-4C8E-436B-AC1B-455F5925AD4F}"
EndProject
Project("{2150E333-8FDC-42A3-9474-1A3956D46DE8}") = "03112025", "03112025", "{2CBADA51-8DDF-4516-83FA-736211C8C973}"
EndProject
Project("{2150E333-8FDC-42A3-9474-1A3956D46DE8}") = "2_BinarySearch_Middle", "2_BinarySearch_Middle", "{EC11E158-0946-40EB-B366-1D7AFF9FC82E}"
EndProject
Project("{FAE04EC0-301F-11D3-BF4B-00C04F79EFBC}") = "SearchA2DMatrix_74", "SearchA2DMatrix\SearchA2DMatrix_74.csproj", "{47F1534C-A026-4E87-8D88-BD12D9390EC1}"
EndProject
Project("{FAE04EC0-301F-11D3-BF4B-00C04F79EFBC}") = "SearchA2DMatrix_74_Test", "SearchA2DMatrix_74_Test\SearchA2DMatrix_74_Test.csproj", "{7C8C34FA-C981-4C30-A55A-525FF5F07A51}"
EndProject
Project("{2150E333-8FDC-42A3-9474-1A3956D46DE8}") = "1_LinkedList_Easy", "1_LinkedList_Easy", "{8205107A-E196-4464-AEF2-00E9BF2FF3F0}"
EndProject
Project("{FAE04EC0-301F-11D3-BF4B-00C04F79EFBC}") = "PalindromeLinkedList_234", "PalindromeLinkedList_234\PalindromeLinkedList_234.csproj", "{4FCE6AEB-75E6-4C90-A998-BAB645879BEB}"
EndProject
Project("{FAE04EC0-301F-11D3-BF4B-00C04F79EFBC}") = "PalindromeLinkedList_234_Test", "PalindromeLinkedList_234_Test\PalindromeLinkedList_234_Test.csproj", "{E51A08BE-DF4E-442E-99F4-7F04A159D275}"
EndProject
Project("{FAE04EC0-301F-11D3-BF4B-00C04F79EFBC}") = "DeleteNodeInALinkedList_239", "DeleteNodeInALinkedList_239\DeleteNodeInALinkedList_239.csproj", "{DE8311A4-AD7C-4CE9-A99D-3A61E5C05754}"
EndProject
Project("{FAE04EC0-301F-11D3-BF4B-00C04F79EFBC}") = "DeleteNodeInALinkedList_239_Test", "DeleteNodeInALinkedList_239_Test\DeleteNodeInALinkedList_239_Test.csproj", "{7B546E05-9B86-4B99-A2BF-7F3AEECB200B}"
EndProject
Project("{2150E333-8FDC-42A3-9474-1A3956D46DE8}") = "04102025", "04102025", "{10274755-2F25-421C-9C8F-3A438779505C}"
EndProject
Project("{2150E333-8FDC-42A3-9474-1A3956D46DE8}") = "1_Linked_List_Easy", "1_Linked_List_Easy", "{1A7F8D3D-091B-4409-8AB0-946948EBBCFA}"
EndProject
Project("{FAE04EC0-301F-11D3-BF4B-00C04F79EFBC}") = "DesignHashSet_705", "DesignHashSet_705\DesignHashSet_705.csproj", "{38555331-375E-4C87-9454-A826318277F6}"
EndProject
Project("{FAE04EC0-301F-11D3-BF4B-00C04F79EFBC}") = "DesignHashSet_705_Test", "DesignHashSet_705_Test\DesignHashSet_705_Test.csproj", "{ED576CD0-2345-4C68-877F-76A99EF0B6D4}"
EndProject
Project("{2150E333-8FDC-42A3-9474-1A3956D46DE8}") = "2_BinarySearch_Medium", "2_BinarySearch_Medium", "{3E8627D2-8A68-4D14-A383-81C8DD6B005B}"
EndProject
Project("{FAE04EC0-301F-11D3-BF4B-00C04F79EFBC}") = "SearchInRotatedSortedArray2_81", "SearchInRotatedSortedArray2\SearchInRotatedSortedArray2_81.csproj", "{5441726F-3C03-461A-B633-46CBBFA9959E}"
EndProject
Project("{FAE04EC0-301F-11D3-BF4B-00C04F79EFBC}") = "SearchInRotatedSortedArray2_81_Test", "SearchInRotatedSortedArray2_Test\SearchInRotatedSortedArray2_81_Test.csproj", "{4C6B77D3-01EA-42AC-ABCF-FACDC34A731D}"
EndProject
Project("{2150E333-8FDC-42A3-9474-1A3956D46DE8}") = "05112025", "05112025", "{433B8FDF-ABD3-4F54-BEDE-170804A07A08}"
EndProject
Project("{2150E333-8FDC-42A3-9474-1A3956D46DE8}") = "1_LinkedLists_Easy", "1_LinkedLists_Easy", "{FE1984BA-E0DD-4883-AFD4-B0A8D0C2F93F}"
EndProject
Project("{FAE04EC0-301F-11D3-BF4B-00C04F79EFBC}") = "DesignHashMap_706", "DesignHashMap_706\DesignHashMap_706.csproj", "{EBB6E85C-903C-4875-8A4D-31D7EA5FE212}"
EndProject
Project("{FAE04EC0-301F-11D3-BF4B-00C04F79EFBC}") = "DesignHashMap_706_Test", "DesignHashMap_706_Test\DesignHashMap_706_Test.csproj", "{878A669C-F66E-42BB-9F2A-46E7A66D6EBC}"
EndProject
Project("{2150E333-8FDC-42A3-9474-1A3956D46DE8}") = "2_BinarySearch_Medium", "2_BinarySearch_Medium", "{0372CF4A-3055-4D21-8A39-15E965CFC549}"
EndProject
Project("{FAE04EC0-301F-11D3-BF4B-00C04F79EFBC}") = "FindMinimumInRotatedSortedArray2_153", "FindMinimumInRotatedSortedArray_153\FindMinimumInRotatedSortedArray2_153.csproj", "{AC81F260-8EFE-91B1-816D-74608586C772}"
EndProject
Project("{FAE04EC0-301F-11D3-BF4B-00C04F79EFBC}") = "FindMinimumInRotatedSortedArray2_153_Test", "FindMinimumInRotatedSortedArray_153_Test\FindMinimumInRotatedSortedArray2_153_Test.csproj", "{252DC1D0-6D17-974C-F1AB-CC5583569B39}"
EndProject
Project("{FAE04EC0-301F-11D3-BF4B-00C04F79EFBC}") = "MiddleOfTheLinkedList_876", "MiddleOfTheLinkedList_876\MiddleOfTheLinkedList_876.csproj", "{9A3C6F5E-F39C-465C-BB4E-0AB525D5F7AC}"
EndProject
Project("{FAE04EC0-301F-11D3-BF4B-00C04F79EFBC}") = "MiddleOfTheLinkedList_876_Test", "MiddleOfTheLinkedList_876_Test\MiddleOfTheLinkedList_876_Test.csproj", "{FF6F794C-99FC-4D20-B396-BE9E8D4B0D76}"
EndProject
Project("{2150E333-8FDC-42A3-9474-1A3956D46DE8}") = "06112025", "06112025", "{5D5F9E6C-D4FC-4F3B-8860-ACE05BDC496F}"
EndProject
Project("{2150E333-8FDC-42A3-9474-1A3956D46DE8}") = "1_LinkedList_Easy", "1_LinkedList_Easy", "{BFC82BF9-374E-411B-9BFC-638E74F3459B}"
EndProject
Project("{2150E333-8FDC-42A3-9474-1A3956D46DE8}") = "2_BinarySearch_Medium", "2_BinarySearch_Medium", "{1440EE57-E8DB-462D-9D4B-870F12C99517}"
EndProject
Project("{FAE04EC0-301F-11D3-BF4B-00C04F79EFBC}") = "FindPeakElement_162", "FindPeakElement_162\FindPeakElement_162.csproj", "{BC74068F-5A9C-454D-8EBF-9CE31481EB7B}"
EndProject
Project("{FAE04EC0-301F-11D3-BF4B-00C04F79EFBC}") = "FindPeakElement_162_Test", "FindPeakElement_162_Test\FindPeakElement_162_Test.csproj", "{1AB62A38-46A7-4D61-83B0-EBE948E6F015}"
EndProject
Project("{2150E333-8FDC-42A3-9474-1A3956D46DE8}") = "07112025", "07112025", "{022D29A5-34D2-4DF7-92CF-E9AA3FDCD204}"
EndProject
Project("{2150E333-8FDC-42A3-9474-1A3956D46DE8}") = "1_LinkedList_Easy", "1_LinkedList_Easy", "{7664B138-BE62-40BA-ACE3-CFEAB9C2C0D5}"
	ProjectSection(SolutionItems) = preProject
		ConvertBinaryNumberInALinkedListToInteger_1290_Effective.sh = ConvertBinaryNumberInALinkedListToInteger_1290_Effective.sh
	EndProjectSection
EndProject
Project("{FAE04EC0-301F-11D3-BF4B-00C04F79EFBC}") = "ConvertBinaryNumberInALinkedListToInteger_1290", "ConvertBinaryNumberInALinkedListToInteger\ConvertBinaryNumberInALinkedListToInteger_1290.csproj", "{37BC4C2C-5B26-474D-9A5E-B405BB19C558}"
EndProject
Project("{FAE04EC0-301F-11D3-BF4B-00C04F79EFBC}") = "ConvertBinaryNumberInALinkedListToInteger_1290_Test", "ConvertBinaryNumberInALinkedListToInteger_1290_Test\ConvertBinaryNumberInALinkedListToInteger_1290_Test.csproj", "{171C7B6D-CB92-4FCD-978F-6F3386B84AA3}"
EndProject
Project("{2150E333-8FDC-42A3-9474-1A3956D46DE8}") = "08072025", "08072025", "{9FF30B02-7A11-4151-9F36-7B343BF32305}"
EndProject
Project("{2150E333-8FDC-42A3-9474-1A3956D46DE8}") = "2_BinarySearch_Medium", "2_BinarySearch_Medium", "{3D9BF77B-8A09-416B-AC04-C371401C3CC5}"
EndProject
Project("{FAE04EC0-301F-11D3-BF4B-00C04F79EFBC}") = "MinimumSizeSubarraySum_209", "MinimumSizeSubarraySum_209\MinimumSizeSubarraySum_209.csproj", "{E4A1EE6F-79B4-42C2-9006-36E37EE3FEA1}"
EndProject
Project("{2150E333-8FDC-42A3-9474-1A3956D46DE8}") = "MinimumSizeSubarray_Sum_209_Other_Langs", "MinimumSizeSubarray_Sum_209_Other_Langs", "{E676B27E-DCFE-40AB-91B2-E179B97238A1}"
	ProjectSection(SolutionItems) = preProject
		minSubArrayLenBruteForce.go = minSubArrayLenBruteForce.go
		minSubArrayLenBruteForce.py = minSubArrayLenBruteForce.py
		minSubArrayLenSlidingWindow.go = minSubArrayLenSlidingWindow.go
		minSubArrayLenSlidingWindow.py = minSubArrayLenSlidingWindow.py
		minSubArrayLenSlidingWindow.sh = minSubArrayLenSlidingWindow.sh
	EndProjectSection
EndProject
Project("{FAE04EC0-301F-11D3-BF4B-00C04F79EFBC}") = "MinimumSizeSubarraySum_209_Test", "MinimumSizeSubarraySim_209_Test\MinimumSizeSubarraySum_209_Test.csproj", "{07EED792-9558-4F42-A12D-6CF99ABB7221}"
EndProject
Project("{2150E333-8FDC-42A3-9474-1A3956D46DE8}") = "09112025", "09112025", "{CDFACEB7-3D75-4B55-A6DD-CFCEB05BD543}"
EndProject
Project("{2150E333-8FDC-42A3-9474-1A3956D46DE8}") = "1_LinkedList_Easy", "1_LinkedList_Easy", "{BDE00A0B-D150-4A78-BB23-FA2AFDBAD443}"
EndProject
Project("{FAE04EC0-301F-11D3-BF4B-00C04F79EFBC}") = "DeleteNNodesAfterMNodesOfALinkedList_1474", "DeleteNNodesAfterMNodesOfALinkedList_1474\DeleteNNodesAfterMNodesOfALinkedList_1474.csproj", "{ABA4D7B8-4398-444C-9781-81F9AEC832CC}"
EndProject
Project("{2150E333-8FDC-42A3-9474-1A3956D46DE8}") = "DeleteNNodesAfterMNodesOfALinkedList_1474_other_lang", "DeleteNNodesAfterMNodesOfALinkedList_1474_other_lang", "{74D7D191-035F-46B3-9980-CA5334F9A762}"
	ProjectSection(SolutionItems) = preProject
		DeleteNNodesAfterMNodesOfALinkedList_1474.go = DeleteNNodesAfterMNodesOfALinkedList_1474.go
		DeleteNNodesAfterMNodesOfALinkedList_1474.py = DeleteNNodesAfterMNodesOfALinkedList_1474.py
	EndProjectSection
EndProject
Project("{FAE04EC0-301F-11D3-BF4B-00C04F79EFBC}") = "DeleteNNodesAfterMNodesOfALinkedList_1474_Test", "DeleteNNodesAfterMNodesOfALinkedList_1474_Test\DeleteNNodesAfterMNodesOfALinkedList_1474_Test.csproj", "{B74C6888-D2BF-49F2-BC9B-8DDFF556886E}"
EndProject
Project("{2150E333-8FDC-42A3-9474-1A3956D46DE8}") = "10112025", "10112025", "{A8D402D8-CDE6-4648-B63B-D74EA9E0DAE3}"
EndProject
Project("{2150E333-8FDC-42A3-9474-1A3956D46DE8}") = "1_LinkedList_Easy", "1_LinkedList_Easy", "{182F2807-2696-464B-BF16-299703D30D16}"
EndProject
Project("{FAE04EC0-301F-11D3-BF4B-00C04F79EFBC}") = "WinnerOfTheLinkedListGame_3062", "WinnerOfTheLinkedListGame_3062\WinnerOfTheLinkedListGame_3062.csproj", "{4BBDC561-C82D-4209-B3CB-4FAD329F6FE9}"
EndProject
Project("{FAE04EC0-301F-11D3-BF4B-00C04F79EFBC}") = "WinnerOfTheLinkedListGame_3062_Test", "WinnerOfTheLinkedListGame_3062_Test\WinnerOfTheLinkedListGame_3062_Test.csproj", "{CD0DF217-44B0-404D-8E22-3D38CAB89576}"
EndProject
Project("{2150E333-8FDC-42A3-9474-1A3956D46DE8}") = "12111982", "12111982", "{BE8F4B06-7B49-49F7-A434-346C3B1F68B6}"
EndProject
Project("{2150E333-8FDC-42A3-9474-1A3956D46DE8}") = "1_LinkedList_Easy", "1_LinkedList_Easy", "{B904652D-F842-45FF-A21E-FBE848F6B33F}"
EndProject
Project("{FAE04EC0-301F-11D3-BF4B-00C04F79EFBC}") = "LinkedListFrequency_3063", "LinkedListFrequency_3063\LinkedListFrequency_3063.csproj", "{EA6F2A9B-6489-47E3-8851-DFE78DBC7309}"
EndProject
Project("{FAE04EC0-301F-11D3-BF4B-00C04F79EFBC}") = "LinkedListFrequency_3063_Test", "LinkedListFrequency_3063_Test\LinkedListFrequency_3063_Test.csproj", "{9D350556-61A0-4895-A4F9-7F3A45DED620}"
EndProject
Project("{2150E333-8FDC-42A3-9474-1A3956D46DE8}") = "16112025", "16112025", "{B845B7D1-9CE8-4D82-9305-4C5F62804FF4}"
EndProject
Project("{2150E333-8FDC-42A3-9474-1A3956D46DE8}") = "1_LinkedList_Easy", "1_LinkedList_Easy", "{30DD19D1-5732-4993-933F-7AE5F92BF574}"
EndProject
Project("{FAE04EC0-301F-11D3-BF4B-00C04F79EFBC}") = "ConvertDoublyLinkedListToArrayI_3263", "ConvertDoublyLinkedListToArrayI_3263\ConvertDoublyLinkedListToArrayI_3263.csproj", "{FDFA2763-651A-4CB4-B1E5-D830EB6FE624}"
EndProject
Project("{FAE04EC0-301F-11D3-BF4B-00C04F79EFBC}") = "ConvertDoublyLinkedListToArray_3263_Tests", "ConvertDoublyLinkedListToArray_3263_Tests\ConvertDoublyLinkedListToArray_3263_Tests.csproj", "{1E484734-EAED-4106-B9D4-CC101EFDF20A}"
EndProject
Project("{2150E333-8FDC-42A3-9474-1A3956D46DE8}") = "17112025", "17112025", "{0D119C30-119B-4EE8-B9DE-3981440074F0}"
EndProject
Project("{2150E333-8FDC-42A3-9474-1A3956D46DE8}") = "1_LinkedList_Easy", "1_LinkedList_Easy", "{74E8988F-ED96-4E58-A1C2-D0B92268C064}"
EndProject
Project("{FAE04EC0-301F-11D3-BF4B-00C04F79EFBC}") = "MinimumPairRemovalToSortArrayI_3507", "MinimumPairRemovalToSortArrayI_3507\MinimumPairRemovalToSortArrayI_3507.csproj", "{1A55A5D1-5EC2-4B6E-AAA1-46A3DBA6D209}"
EndProject
Project("{FAE04EC0-301F-11D3-BF4B-00C04F79EFBC}") = "MinimumPairRemovalToSortArrayI_3507_Test", "MinimumPairRemovalToSortArrayI_3507_Test\MinimumPairRemovalToSortArrayI_3507_Test.csproj", "{EF18899D-7EDD-43CD-A2D8-5E40CC809F90}"
EndProject
Project("{2150E333-8FDC-42A3-9474-1A3956D46DE8}") = "18112025-18122025", "18112025-18122025", "{EB4B71B2-4F5E-43A3-A1D9-5ADB213BDF47}"
EndProject
Project("{2150E333-8FDC-42A3-9474-1A3956D46DE8}") = "18112025", "18112025", "{8E1E89C3-1B1D-40DB-B3D7-3DF9773CCA3D}"
EndProject
Project("{2150E333-8FDC-42A3-9474-1A3956D46DE8}") = "1_Tree_Medium", "1_Tree_Medium", "{1BC4F617-770F-4D17-B974-ABEB535184C3}"
EndProject
Project("{FAE04EC0-301F-11D3-BF4B-00C04F79EFBC}") = "CountCompleteTreeNodes_222", "CountCompleteTreeNodes_222_Medium\CountCompleteTreeNodes_222.csproj", "{15D36869-FC1B-4A26-8AFB-388530908B49}"
EndProject
Project("{2150E333-8FDC-42A3-9474-1A3956D46DE8}") = "22112025", "22112025", "{32DC79E7-1747-40C9-856B-325A49117689}"
EndProject
Project("{2150E333-8FDC-42A3-9474-1A3956D46DE8}") = "1_Tree_Easy", "1_Tree_Easy", "{3C0850C8-B5F4-4337-8C0F-076ADB5C55FB}"
EndProject
Project("{FAE04EC0-301F-11D3-BF4B-00C04F79EFBC}") = "SameTree_100", "SameTree_100\SameTree_100.csproj", "{19F044C0-DDE5-4D6F-BE72-A1477C76167E}"
EndProject
Project("{FAE04EC0-301F-11D3-BF4B-00C04F79EFBC}") = "SameTree_100_Test", "SameTree_100_Test\SameTree_100_Test.csproj", "{130A7D9F-A6D9-43F2-BEA7-B3612DDAC24F}"
EndProject
Project("{2150E333-8FDC-42A3-9474-1A3956D46DE8}") = "2_LinkedList_Medium", "2_LinkedList_Medium", "{0BF9CF3A-9967-4365-A303-952DC47F4559}"
EndProject
Project("{FAE04EC0-301F-11D3-BF4B-00C04F79EFBC}") = "AddTwoNumbers_2", "AddTwoNumbers\AddTwoNumbers_2.csproj", "{AE63E3CE-DCAC-4380-AFF8-188B1B74B57E}"
EndProject
Project("{FAE04EC0-301F-11D3-BF4B-00C04F79EFBC}") = "AddTwoNumbers_2_Test", "AddTwoNumbers_2_Test\AddTwoNumbers_2_Test.csproj", "{1237B32A-8C46-4C6B-8622-EF4B1A8E67D9}"
EndProject
Project("{2150E333-8FDC-42A3-9474-1A3956D46DE8}") = "23112025", "23112025", "{4B157E75-2183-4565-A854-B64ED7250085}"
EndProject
Project("{2150E333-8FDC-42A3-9474-1A3956D46DE8}") = "1_Tree_Easy", "1_Tree_Easy", "{7E3CA3BB-F218-42F7-AB77-0369F76C2209}"
EndProject
Project("{FAE04EC0-301F-11D3-BF4B-00C04F79EFBC}") = "Symmetric_Tree_101", "Symmetric_Tree_101\Symmetric_Tree_101.csproj", "{0620B966-AB64-4147-BADE-EAB95E69B121}"
EndProject
Project("{FAE04EC0-301F-11D3-BF4B-00C04F79EFBC}") = "Symmetric_Tree_101_Test", "Symmetric_Tree_101_Test\Symmetric_Tree_101_Test.csproj", "{3B3E7CF6-5689-4913-8789-AA2FD2B0454B}"
EndProject
Project("{2150E333-8FDC-42A3-9474-1A3956D46DE8}") = "24112025", "24112025", "{DCB5B287-D058-4421-9E0E-890F5279158B}"
EndProject
Project("{2150E333-8FDC-42A3-9474-1A3956D46DE8}") = "1_Tree_Easy", "1_Tree_Easy", "{037AAD36-A223-4C23-86A3-B88F4A4232C8}"
EndProject
Project("{FAE04EC0-301F-11D3-BF4B-00C04F79EFBC}") = "MaximumDepthOfBinaryTree_104", "MaximumDepthOfBinaryTree_104\MaximumDepthOfBinaryTree_104.csproj", "{BBB22698-17DD-4BB0-997D-F1156AA52168}"
EndProject
Project("{FAE04EC0-301F-11D3-BF4B-00C04F79EFBC}") = "MaximumDepthOfBinaryTree_104_Test", "MaximumDepthOfBinaryTree_104_Test\MaximumDepthOfBinaryTree_104_Test.csproj", "{F34A8C28-8528-4B1A-B396-759B43AAC14D}"
EndProject
Project("{2150E333-8FDC-42A3-9474-1A3956D46DE8}") = "27112025", "27112025", "{E3DD2427-123B-4E2D-A9A0-CB114A4F38E8}"
EndProject
Project("{2150E333-8FDC-42A3-9474-1A3956D46DE8}") = "2_LinkedList_Medium", "2_LinkedList_Medium", "{E579BBD0-D0EA-42B8-A02B-6A856F365F4D}"
EndProject
Project("{FAE04EC0-301F-11D3-BF4B-00C04F79EFBC}") = "SwapNodesInPairs_24", "SwapNodesInPairs_24\SwapNodesInPairs_24.csproj", "{7CD166DA-499E-4F13-AC99-584EEC9EAF94}"
EndProject
Project("{FAE04EC0-301F-11D3-BF4B-00C04F79EFBC}") = "SwapNodesInPairs_24_Test", "SwapNodesInPairs_24_Test\SwapNodesInPairs_24_Test.csproj", "{590F01AC-0604-4B46-B1EB-674C14854675}"
EndProject
Project("{2150E333-8FDC-42A3-9474-1A3956D46DE8}") = "28112025", "28112025", "{02CDC402-DC54-4CEB-8E93-D65EE8E29718}"
EndProject
Project("{2150E333-8FDC-42A3-9474-1A3956D46DE8}") = "2_LinkedList_Medium", "2_LinkedList_Medium", "{9584A9F3-985B-4F62-AC1D-93F0F0FEC1FA}"
EndProject
Project("{FAE04EC0-301F-11D3-BF4B-00C04F79EFBC}") = "RotateList_61", "RotateList_61\RotateList_61.csproj", "{676E2790-5B14-43A8-80BB-5DD0D09DDB83}"
EndProject
Project("{2150E333-8FDC-42A3-9474-1A3956D46DE8}") = "29112025", "29112025", "{80B82436-47A6-404F-A92B-DABA9DAD6365}"
EndProject
Project("{2150E333-8FDC-42A3-9474-1A3956D46DE8}") = "2_LinkedList_Medium", "2_LinkedList_Medium", "{7A770DA5-0DFE-448D-B3C6-D60371498509}"
EndProject
Project("{FAE04EC0-301F-11D3-BF4B-00C04F79EFBC}") = "RemoveDuplicatesFromLinkedList2_82", "RemoveDuplicatesFromLinkedList2_82\RemoveDuplicatesFromLinkedList2_82.csproj", "{4A4E0BE1-04B4-479F-8568-E6A4A8DBE6F3}"
EndProject
Project("{FAE04EC0-301F-11D3-BF4B-00C04F79EFBC}") = "RemoveDuplicatesFromLinkedList2_82_Test", "RemoveDuplicatesFromLinkedList2_82_Test\RemoveDuplicatesFromLinkedList2_82_Test.csproj", "{9CF0FF03-F9C0-489B-AB69-F027107B21FE}"
EndProject
Project("{FAE04EC0-301F-11D3-BF4B-00C04F79EFBC}") = "RotateList_61_Test", "RotateList_61_Test\RotateList_61_Test.csproj", "{D3A2B759-783D-47C4-869E-953E4550CA77}"
EndProject
Project("{2150E333-8FDC-42A3-9474-1A3956D46DE8}") = "1_Tree_Easy", "1_Tree_Easy", "{97A3C574-7C9C-403E-90C6-B01CF074B8EF}"
EndProject
Project("{FAE04EC0-301F-11D3-BF4B-00C04F79EFBC}") = "BinaryTreeLevelOrderTraversal2_107", "BinaryTreeLevelOrderTraversal2_107\BinaryTreeLevelOrderTraversal2_107.csproj", "{9639F02E-C0FB-4E35-8746-1927A9335C0A}"
EndProject
Project("{2150E333-8FDC-42A3-9474-1A3956D46DE8}") = "01122025", "01122025", "{C1EBBABA-4B85-43E4-A5BC-86CB4EFBFDF9}"
EndProject
Project("{2150E333-8FDC-42A3-9474-1A3956D46DE8}") = "1_Tree_Easy", "1_Tree_Easy", "{E19293FC-736A-4EAA-9BB8-7913403BFE6D}"
EndProject
Project("{FAE04EC0-301F-11D3-BF4B-00C04F79EFBC}") = "ConvertSortedArrayToBinarySearchTree_108", "ConvertSortedArrayToBinarySearchTree_108\ConvertSortedArrayToBinarySearchTree_108.csproj", "{4E63AEE7-BEE0-4B06-AFA5-21A3E00A9364}"
EndProject
Project("{FAE04EC0-301F-11D3-BF4B-00C04F79EFBC}") = "ConvertSortedArrayToBinarySearchTree_108_Test", "ConvertSortedArrayToBinarySearchTree_108_Test\ConvertSortedArrayToBinarySearchTree_108_Test.csproj", "{A0EE0960-A072-4D23-97F0-7DBDB9D58882}"
EndProject
Project("{2150E333-8FDC-42A3-9474-1A3956D46DE8}") = "02122025", "02122025", "{0BC68519-1F0A-47C7-AC49-5CB5FFFD0932}"
EndProject
Project("{FAE04EC0-301F-11D3-BF4B-00C04F79EFBC}") = "BalancedBinaryTree_110", "BalancedBinaryTree_110\BalancedBinaryTree_110.csproj", "{6D11DA4B-B172-42D0-B547-85DF7E76B752}"
EndProject
Project("{2150E333-8FDC-42A3-9474-1A3956D46DE8}") = "1_Tree_Easy", "1_Tree_Easy", "{CC73724C-FAE4-498E-846F-7275486329C9}"
EndProject
Project("{FAE04EC0-301F-11D3-BF4B-00C04F79EFBC}") = "BalancedBinaryTree_110_Tests", "BalancedBinaryTree_110_Tests\BalancedBinaryTree_110_Tests.csproj", "{34F7A8AE-B043-468D-BC51-504EBE00F992}"
EndProject
Project("{2150E333-8FDC-42A3-9474-1A3956D46DE8}") = "07122025", "07122025", "{A26671C7-2293-4B88-8161-20552CC855C7}"
EndProject
Project("{2150E333-8FDC-42A3-9474-1A3956D46DE8}") = "1_Tree_Easy", "1_Tree_Easy", "{0A2564FB-2009-4311-97DA-7E1F7745E995}"
EndProject
Project("{2150E333-8FDC-42A3-9474-1A3956D46DE8}") = "2_LinkedList_Medium", "2_LinkedList_Medium", "{76E45EC1-4461-4767-9AAE-2A8CD88C75EE}"
EndProject
Project("{FAE04EC0-301F-11D3-BF4B-00C04F79EFBC}") = "PartitionList_86", "PartitionList_86\PartitionList_86.csproj", "{6830060B-BDCD-4B86-BC8C-1E4AC0348C83}"
EndProject
Global
	GlobalSection(SolutionConfigurationPlatforms) = preSolution
		Debug|Any CPU = Debug|Any CPU
		Release|Any CPU = Release|Any CPU
	EndGlobalSection
	GlobalSection(ProjectConfigurationPlatforms) = postSolution
		{5FC7626E-EDA1-44CC-A8B6-33822973ACC1}.Debug|Any CPU.ActiveCfg = Debug|Any CPU
		{5FC7626E-EDA1-44CC-A8B6-33822973ACC1}.Debug|Any CPU.Build.0 = Debug|Any CPU
		{5FC7626E-EDA1-44CC-A8B6-33822973ACC1}.Release|Any CPU.ActiveCfg = Release|Any CPU
		{5FC7626E-EDA1-44CC-A8B6-33822973ACC1}.Release|Any CPU.Build.0 = Release|Any CPU
		{19B28A06-2969-4720-A56F-ECCEF731EB76}.Debug|Any CPU.ActiveCfg = Debug|Any CPU
		{19B28A06-2969-4720-A56F-ECCEF731EB76}.Debug|Any CPU.Build.0 = Debug|Any CPU
		{19B28A06-2969-4720-A56F-ECCEF731EB76}.Release|Any CPU.ActiveCfg = Release|Any CPU
		{19B28A06-2969-4720-A56F-ECCEF731EB76}.Release|Any CPU.Build.0 = Release|Any CPU
		{41C7C348-376A-49B1-A3A7-7AB9F3375733}.Debug|Any CPU.ActiveCfg = Debug|Any CPU
		{41C7C348-376A-49B1-A3A7-7AB9F3375733}.Debug|Any CPU.Build.0 = Debug|Any CPU
		{41C7C348-376A-49B1-A3A7-7AB9F3375733}.Release|Any CPU.ActiveCfg = Release|Any CPU
		{41C7C348-376A-49B1-A3A7-7AB9F3375733}.Release|Any CPU.Build.0 = Release|Any CPU
		{F13E4C8A-58FD-4F1E-854D-308FAC74FA20}.Debug|Any CPU.ActiveCfg = Debug|Any CPU
		{F13E4C8A-58FD-4F1E-854D-308FAC74FA20}.Debug|Any CPU.Build.0 = Debug|Any CPU
		{F13E4C8A-58FD-4F1E-854D-308FAC74FA20}.Release|Any CPU.ActiveCfg = Release|Any CPU
		{F13E4C8A-58FD-4F1E-854D-308FAC74FA20}.Release|Any CPU.Build.0 = Release|Any CPU
		{D871E673-3A66-485A-94E1-FDF3EAED4A21}.Debug|Any CPU.ActiveCfg = Debug|Any CPU
		{D871E673-3A66-485A-94E1-FDF3EAED4A21}.Debug|Any CPU.Build.0 = Debug|Any CPU
		{D871E673-3A66-485A-94E1-FDF3EAED4A21}.Release|Any CPU.ActiveCfg = Release|Any CPU
		{D871E673-3A66-485A-94E1-FDF3EAED4A21}.Release|Any CPU.Build.0 = Release|Any CPU
		{8A633278-2070-4F27-99B9-95025E817451}.Debug|Any CPU.ActiveCfg = Debug|Any CPU
		{8A633278-2070-4F27-99B9-95025E817451}.Debug|Any CPU.Build.0 = Debug|Any CPU
		{8A633278-2070-4F27-99B9-95025E817451}.Release|Any CPU.ActiveCfg = Release|Any CPU
		{8A633278-2070-4F27-99B9-95025E817451}.Release|Any CPU.Build.0 = Release|Any CPU
		{6E8238B4-C185-407E-B1C7-85BC54A61FE7}.Debug|Any CPU.ActiveCfg = Debug|Any CPU
		{6E8238B4-C185-407E-B1C7-85BC54A61FE7}.Debug|Any CPU.Build.0 = Debug|Any CPU
		{6E8238B4-C185-407E-B1C7-85BC54A61FE7}.Release|Any CPU.ActiveCfg = Release|Any CPU
		{6E8238B4-C185-407E-B1C7-85BC54A61FE7}.Release|Any CPU.Build.0 = Release|Any CPU
		{AF4B1631-FD7F-4B43-9BD7-0D00EEAE419B}.Debug|Any CPU.ActiveCfg = Debug|Any CPU
		{AF4B1631-FD7F-4B43-9BD7-0D00EEAE419B}.Debug|Any CPU.Build.0 = Debug|Any CPU
		{AF4B1631-FD7F-4B43-9BD7-0D00EEAE419B}.Release|Any CPU.ActiveCfg = Release|Any CPU
		{AF4B1631-FD7F-4B43-9BD7-0D00EEAE419B}.Release|Any CPU.Build.0 = Release|Any CPU
		{913E7537-B9E0-43CA-B25D-0B3B837D0B92}.Debug|Any CPU.ActiveCfg = Debug|Any CPU
		{913E7537-B9E0-43CA-B25D-0B3B837D0B92}.Debug|Any CPU.Build.0 = Debug|Any CPU
		{913E7537-B9E0-43CA-B25D-0B3B837D0B92}.Release|Any CPU.ActiveCfg = Release|Any CPU
		{913E7537-B9E0-43CA-B25D-0B3B837D0B92}.Release|Any CPU.Build.0 = Release|Any CPU
		{641AD7A1-F9F2-4998-9E17-D174B13B8C7B}.Debug|Any CPU.ActiveCfg = Debug|Any CPU
		{641AD7A1-F9F2-4998-9E17-D174B13B8C7B}.Debug|Any CPU.Build.0 = Debug|Any CPU
		{641AD7A1-F9F2-4998-9E17-D174B13B8C7B}.Release|Any CPU.ActiveCfg = Release|Any CPU
		{641AD7A1-F9F2-4998-9E17-D174B13B8C7B}.Release|Any CPU.Build.0 = Release|Any CPU
		{510DB8DF-5A22-4A9E-8D07-8F0E94D9BCB6}.Debug|Any CPU.ActiveCfg = Debug|Any CPU
		{510DB8DF-5A22-4A9E-8D07-8F0E94D9BCB6}.Debug|Any CPU.Build.0 = Debug|Any CPU
		{510DB8DF-5A22-4A9E-8D07-8F0E94D9BCB6}.Release|Any CPU.ActiveCfg = Release|Any CPU
		{510DB8DF-5A22-4A9E-8D07-8F0E94D9BCB6}.Release|Any CPU.Build.0 = Release|Any CPU
		{FDEFD231-08D7-4195-A8ED-3069E13C14FF}.Debug|Any CPU.ActiveCfg = Debug|Any CPU
		{FDEFD231-08D7-4195-A8ED-3069E13C14FF}.Debug|Any CPU.Build.0 = Debug|Any CPU
		{FDEFD231-08D7-4195-A8ED-3069E13C14FF}.Release|Any CPU.ActiveCfg = Release|Any CPU
		{FDEFD231-08D7-4195-A8ED-3069E13C14FF}.Release|Any CPU.Build.0 = Release|Any CPU
		{1600AC3B-92EA-42CD-BCB3-7A08581A63B4}.Debug|Any CPU.ActiveCfg = Debug|Any CPU
		{1600AC3B-92EA-42CD-BCB3-7A08581A63B4}.Debug|Any CPU.Build.0 = Debug|Any CPU
		{1600AC3B-92EA-42CD-BCB3-7A08581A63B4}.Release|Any CPU.ActiveCfg = Release|Any CPU
		{1600AC3B-92EA-42CD-BCB3-7A08581A63B4}.Release|Any CPU.Build.0 = Release|Any CPU
		{5A1D0D01-7D31-413E-9D86-EB6435AAA53A}.Debug|Any CPU.ActiveCfg = Debug|Any CPU
		{5A1D0D01-7D31-413E-9D86-EB6435AAA53A}.Debug|Any CPU.Build.0 = Debug|Any CPU
		{5A1D0D01-7D31-413E-9D86-EB6435AAA53A}.Release|Any CPU.ActiveCfg = Release|Any CPU
		{5A1D0D01-7D31-413E-9D86-EB6435AAA53A}.Release|Any CPU.Build.0 = Release|Any CPU
		{D3D80660-EABE-4EE6-8346-F5171ED40487}.Debug|Any CPU.ActiveCfg = Debug|Any CPU
		{D3D80660-EABE-4EE6-8346-F5171ED40487}.Debug|Any CPU.Build.0 = Debug|Any CPU
		{D3D80660-EABE-4EE6-8346-F5171ED40487}.Release|Any CPU.ActiveCfg = Release|Any CPU
		{D3D80660-EABE-4EE6-8346-F5171ED40487}.Release|Any CPU.Build.0 = Release|Any CPU
		{DD5B0D76-CB48-48C5-A6F3-3D4901764860}.Debug|Any CPU.ActiveCfg = Debug|Any CPU
		{DD5B0D76-CB48-48C5-A6F3-3D4901764860}.Debug|Any CPU.Build.0 = Debug|Any CPU
		{DD5B0D76-CB48-48C5-A6F3-3D4901764860}.Release|Any CPU.ActiveCfg = Release|Any CPU
		{DD5B0D76-CB48-48C5-A6F3-3D4901764860}.Release|Any CPU.Build.0 = Release|Any CPU
		{067F0B01-F289-4CC1-A150-6B17AA0B55B8}.Debug|Any CPU.ActiveCfg = Debug|Any CPU
		{067F0B01-F289-4CC1-A150-6B17AA0B55B8}.Debug|Any CPU.Build.0 = Debug|Any CPU
		{067F0B01-F289-4CC1-A150-6B17AA0B55B8}.Release|Any CPU.ActiveCfg = Release|Any CPU
		{067F0B01-F289-4CC1-A150-6B17AA0B55B8}.Release|Any CPU.Build.0 = Release|Any CPU
		{E01A22C5-4C8E-436B-AC1B-455F5925AD4F}.Debug|Any CPU.ActiveCfg = Debug|Any CPU
		{E01A22C5-4C8E-436B-AC1B-455F5925AD4F}.Debug|Any CPU.Build.0 = Debug|Any CPU
		{E01A22C5-4C8E-436B-AC1B-455F5925AD4F}.Release|Any CPU.ActiveCfg = Release|Any CPU
		{E01A22C5-4C8E-436B-AC1B-455F5925AD4F}.Release|Any CPU.Build.0 = Release|Any CPU
		{47F1534C-A026-4E87-8D88-BD12D9390EC1}.Debug|Any CPU.ActiveCfg = Debug|Any CPU
		{47F1534C-A026-4E87-8D88-BD12D9390EC1}.Debug|Any CPU.Build.0 = Debug|Any CPU
		{47F1534C-A026-4E87-8D88-BD12D9390EC1}.Release|Any CPU.ActiveCfg = Release|Any CPU
		{47F1534C-A026-4E87-8D88-BD12D9390EC1}.Release|Any CPU.Build.0 = Release|Any CPU
		{7C8C34FA-C981-4C30-A55A-525FF5F07A51}.Debug|Any CPU.ActiveCfg = Debug|Any CPU
		{7C8C34FA-C981-4C30-A55A-525FF5F07A51}.Debug|Any CPU.Build.0 = Debug|Any CPU
		{7C8C34FA-C981-4C30-A55A-525FF5F07A51}.Release|Any CPU.ActiveCfg = Release|Any CPU
		{7C8C34FA-C981-4C30-A55A-525FF5F07A51}.Release|Any CPU.Build.0 = Release|Any CPU
		{4FCE6AEB-75E6-4C90-A998-BAB645879BEB}.Debug|Any CPU.ActiveCfg = Debug|Any CPU
		{4FCE6AEB-75E6-4C90-A998-BAB645879BEB}.Debug|Any CPU.Build.0 = Debug|Any CPU
		{4FCE6AEB-75E6-4C90-A998-BAB645879BEB}.Release|Any CPU.ActiveCfg = Release|Any CPU
		{4FCE6AEB-75E6-4C90-A998-BAB645879BEB}.Release|Any CPU.Build.0 = Release|Any CPU
		{E51A08BE-DF4E-442E-99F4-7F04A159D275}.Debug|Any CPU.ActiveCfg = Debug|Any CPU
		{E51A08BE-DF4E-442E-99F4-7F04A159D275}.Debug|Any CPU.Build.0 = Debug|Any CPU
		{E51A08BE-DF4E-442E-99F4-7F04A159D275}.Release|Any CPU.ActiveCfg = Release|Any CPU
		{E51A08BE-DF4E-442E-99F4-7F04A159D275}.Release|Any CPU.Build.0 = Release|Any CPU
		{DE8311A4-AD7C-4CE9-A99D-3A61E5C05754}.Debug|Any CPU.ActiveCfg = Debug|Any CPU
		{DE8311A4-AD7C-4CE9-A99D-3A61E5C05754}.Debug|Any CPU.Build.0 = Debug|Any CPU
		{DE8311A4-AD7C-4CE9-A99D-3A61E5C05754}.Release|Any CPU.ActiveCfg = Release|Any CPU
		{DE8311A4-AD7C-4CE9-A99D-3A61E5C05754}.Release|Any CPU.Build.0 = Release|Any CPU
		{7B546E05-9B86-4B99-A2BF-7F3AEECB200B}.Debug|Any CPU.ActiveCfg = Debug|Any CPU
		{7B546E05-9B86-4B99-A2BF-7F3AEECB200B}.Debug|Any CPU.Build.0 = Debug|Any CPU
		{7B546E05-9B86-4B99-A2BF-7F3AEECB200B}.Release|Any CPU.ActiveCfg = Release|Any CPU
		{7B546E05-9B86-4B99-A2BF-7F3AEECB200B}.Release|Any CPU.Build.0 = Release|Any CPU
		{38555331-375E-4C87-9454-A826318277F6}.Debug|Any CPU.ActiveCfg = Debug|Any CPU
		{38555331-375E-4C87-9454-A826318277F6}.Debug|Any CPU.Build.0 = Debug|Any CPU
		{38555331-375E-4C87-9454-A826318277F6}.Release|Any CPU.ActiveCfg = Release|Any CPU
		{38555331-375E-4C87-9454-A826318277F6}.Release|Any CPU.Build.0 = Release|Any CPU
		{ED576CD0-2345-4C68-877F-76A99EF0B6D4}.Debug|Any CPU.ActiveCfg = Debug|Any CPU
		{ED576CD0-2345-4C68-877F-76A99EF0B6D4}.Debug|Any CPU.Build.0 = Debug|Any CPU
		{ED576CD0-2345-4C68-877F-76A99EF0B6D4}.Release|Any CPU.ActiveCfg = Release|Any CPU
		{ED576CD0-2345-4C68-877F-76A99EF0B6D4}.Release|Any CPU.Build.0 = Release|Any CPU
		{5441726F-3C03-461A-B633-46CBBFA9959E}.Debug|Any CPU.ActiveCfg = Debug|Any CPU
		{5441726F-3C03-461A-B633-46CBBFA9959E}.Debug|Any CPU.Build.0 = Debug|Any CPU
		{5441726F-3C03-461A-B633-46CBBFA9959E}.Release|Any CPU.ActiveCfg = Release|Any CPU
		{5441726F-3C03-461A-B633-46CBBFA9959E}.Release|Any CPU.Build.0 = Release|Any CPU
		{4C6B77D3-01EA-42AC-ABCF-FACDC34A731D}.Debug|Any CPU.ActiveCfg = Debug|Any CPU
		{4C6B77D3-01EA-42AC-ABCF-FACDC34A731D}.Debug|Any CPU.Build.0 = Debug|Any CPU
		{4C6B77D3-01EA-42AC-ABCF-FACDC34A731D}.Release|Any CPU.ActiveCfg = Release|Any CPU
		{4C6B77D3-01EA-42AC-ABCF-FACDC34A731D}.Release|Any CPU.Build.0 = Release|Any CPU
		{EBB6E85C-903C-4875-8A4D-31D7EA5FE212}.Debug|Any CPU.ActiveCfg = Debug|Any CPU
		{EBB6E85C-903C-4875-8A4D-31D7EA5FE212}.Debug|Any CPU.Build.0 = Debug|Any CPU
		{EBB6E85C-903C-4875-8A4D-31D7EA5FE212}.Release|Any CPU.ActiveCfg = Release|Any CPU
		{EBB6E85C-903C-4875-8A4D-31D7EA5FE212}.Release|Any CPU.Build.0 = Release|Any CPU
		{878A669C-F66E-42BB-9F2A-46E7A66D6EBC}.Debug|Any CPU.ActiveCfg = Debug|Any CPU
		{878A669C-F66E-42BB-9F2A-46E7A66D6EBC}.Debug|Any CPU.Build.0 = Debug|Any CPU
		{878A669C-F66E-42BB-9F2A-46E7A66D6EBC}.Release|Any CPU.ActiveCfg = Release|Any CPU
		{878A669C-F66E-42BB-9F2A-46E7A66D6EBC}.Release|Any CPU.Build.0 = Release|Any CPU
		{AC81F260-8EFE-91B1-816D-74608586C772}.Debug|Any CPU.ActiveCfg = Debug|Any CPU
		{AC81F260-8EFE-91B1-816D-74608586C772}.Debug|Any CPU.Build.0 = Debug|Any CPU
		{AC81F260-8EFE-91B1-816D-74608586C772}.Release|Any CPU.ActiveCfg = Release|Any CPU
		{AC81F260-8EFE-91B1-816D-74608586C772}.Release|Any CPU.Build.0 = Release|Any CPU
		{252DC1D0-6D17-974C-F1AB-CC5583569B39}.Debug|Any CPU.ActiveCfg = Debug|Any CPU
		{252DC1D0-6D17-974C-F1AB-CC5583569B39}.Debug|Any CPU.Build.0 = Debug|Any CPU
		{252DC1D0-6D17-974C-F1AB-CC5583569B39}.Release|Any CPU.ActiveCfg = Release|Any CPU
		{252DC1D0-6D17-974C-F1AB-CC5583569B39}.Release|Any CPU.Build.0 = Release|Any CPU
		{9A3C6F5E-F39C-465C-BB4E-0AB525D5F7AC}.Debug|Any CPU.ActiveCfg = Debug|Any CPU
		{9A3C6F5E-F39C-465C-BB4E-0AB525D5F7AC}.Debug|Any CPU.Build.0 = Debug|Any CPU
		{9A3C6F5E-F39C-465C-BB4E-0AB525D5F7AC}.Release|Any CPU.ActiveCfg = Release|Any CPU
		{9A3C6F5E-F39C-465C-BB4E-0AB525D5F7AC}.Release|Any CPU.Build.0 = Release|Any CPU
		{FF6F794C-99FC-4D20-B396-BE9E8D4B0D76}.Debug|Any CPU.ActiveCfg = Debug|Any CPU
		{FF6F794C-99FC-4D20-B396-BE9E8D4B0D76}.Debug|Any CPU.Build.0 = Debug|Any CPU
		{FF6F794C-99FC-4D20-B396-BE9E8D4B0D76}.Release|Any CPU.ActiveCfg = Release|Any CPU
		{FF6F794C-99FC-4D20-B396-BE9E8D4B0D76}.Release|Any CPU.Build.0 = Release|Any CPU
		{BC74068F-5A9C-454D-8EBF-9CE31481EB7B}.Debug|Any CPU.ActiveCfg = Debug|Any CPU
		{BC74068F-5A9C-454D-8EBF-9CE31481EB7B}.Debug|Any CPU.Build.0 = Debug|Any CPU
		{BC74068F-5A9C-454D-8EBF-9CE31481EB7B}.Release|Any CPU.ActiveCfg = Release|Any CPU
		{BC74068F-5A9C-454D-8EBF-9CE31481EB7B}.Release|Any CPU.Build.0 = Release|Any CPU
		{1AB62A38-46A7-4D61-83B0-EBE948E6F015}.Debug|Any CPU.ActiveCfg = Debug|Any CPU
		{1AB62A38-46A7-4D61-83B0-EBE948E6F015}.Debug|Any CPU.Build.0 = Debug|Any CPU
		{1AB62A38-46A7-4D61-83B0-EBE948E6F015}.Release|Any CPU.ActiveCfg = Release|Any CPU
		{1AB62A38-46A7-4D61-83B0-EBE948E6F015}.Release|Any CPU.Build.0 = Release|Any CPU
		{37BC4C2C-5B26-474D-9A5E-B405BB19C558}.Debug|Any CPU.ActiveCfg = Debug|Any CPU
		{37BC4C2C-5B26-474D-9A5E-B405BB19C558}.Debug|Any CPU.Build.0 = Debug|Any CPU
		{37BC4C2C-5B26-474D-9A5E-B405BB19C558}.Release|Any CPU.ActiveCfg = Release|Any CPU
		{37BC4C2C-5B26-474D-9A5E-B405BB19C558}.Release|Any CPU.Build.0 = Release|Any CPU
		{171C7B6D-CB92-4FCD-978F-6F3386B84AA3}.Debug|Any CPU.ActiveCfg = Debug|Any CPU
		{171C7B6D-CB92-4FCD-978F-6F3386B84AA3}.Debug|Any CPU.Build.0 = Debug|Any CPU
		{171C7B6D-CB92-4FCD-978F-6F3386B84AA3}.Release|Any CPU.ActiveCfg = Release|Any CPU
		{171C7B6D-CB92-4FCD-978F-6F3386B84AA3}.Release|Any CPU.Build.0 = Release|Any CPU
		{E4A1EE6F-79B4-42C2-9006-36E37EE3FEA1}.Debug|Any CPU.ActiveCfg = Debug|Any CPU
		{E4A1EE6F-79B4-42C2-9006-36E37EE3FEA1}.Debug|Any CPU.Build.0 = Debug|Any CPU
		{E4A1EE6F-79B4-42C2-9006-36E37EE3FEA1}.Release|Any CPU.ActiveCfg = Release|Any CPU
		{E4A1EE6F-79B4-42C2-9006-36E37EE3FEA1}.Release|Any CPU.Build.0 = Release|Any CPU
		{07EED792-9558-4F42-A12D-6CF99ABB7221}.Debug|Any CPU.ActiveCfg = Debug|Any CPU
		{07EED792-9558-4F42-A12D-6CF99ABB7221}.Debug|Any CPU.Build.0 = Debug|Any CPU
		{07EED792-9558-4F42-A12D-6CF99ABB7221}.Release|Any CPU.ActiveCfg = Release|Any CPU
		{07EED792-9558-4F42-A12D-6CF99ABB7221}.Release|Any CPU.Build.0 = Release|Any CPU
		{ABA4D7B8-4398-444C-9781-81F9AEC832CC}.Debug|Any CPU.ActiveCfg = Debug|Any CPU
		{ABA4D7B8-4398-444C-9781-81F9AEC832CC}.Debug|Any CPU.Build.0 = Debug|Any CPU
		{ABA4D7B8-4398-444C-9781-81F9AEC832CC}.Release|Any CPU.ActiveCfg = Release|Any CPU
		{ABA4D7B8-4398-444C-9781-81F9AEC832CC}.Release|Any CPU.Build.0 = Release|Any CPU
		{B74C6888-D2BF-49F2-BC9B-8DDFF556886E}.Debug|Any CPU.ActiveCfg = Debug|Any CPU
		{B74C6888-D2BF-49F2-BC9B-8DDFF556886E}.Debug|Any CPU.Build.0 = Debug|Any CPU
		{B74C6888-D2BF-49F2-BC9B-8DDFF556886E}.Release|Any CPU.ActiveCfg = Release|Any CPU
		{B74C6888-D2BF-49F2-BC9B-8DDFF556886E}.Release|Any CPU.Build.0 = Release|Any CPU
		{4BBDC561-C82D-4209-B3CB-4FAD329F6FE9}.Debug|Any CPU.ActiveCfg = Debug|Any CPU
		{4BBDC561-C82D-4209-B3CB-4FAD329F6FE9}.Debug|Any CPU.Build.0 = Debug|Any CPU
		{4BBDC561-C82D-4209-B3CB-4FAD329F6FE9}.Release|Any CPU.ActiveCfg = Release|Any CPU
		{4BBDC561-C82D-4209-B3CB-4FAD329F6FE9}.Release|Any CPU.Build.0 = Release|Any CPU
		{CD0DF217-44B0-404D-8E22-3D38CAB89576}.Debug|Any CPU.ActiveCfg = Debug|Any CPU
		{CD0DF217-44B0-404D-8E22-3D38CAB89576}.Debug|Any CPU.Build.0 = Debug|Any CPU
		{CD0DF217-44B0-404D-8E22-3D38CAB89576}.Release|Any CPU.ActiveCfg = Release|Any CPU
		{CD0DF217-44B0-404D-8E22-3D38CAB89576}.Release|Any CPU.Build.0 = Release|Any CPU
		{EA6F2A9B-6489-47E3-8851-DFE78DBC7309}.Debug|Any CPU.ActiveCfg = Debug|Any CPU
		{EA6F2A9B-6489-47E3-8851-DFE78DBC7309}.Debug|Any CPU.Build.0 = Debug|Any CPU
		{EA6F2A9B-6489-47E3-8851-DFE78DBC7309}.Release|Any CPU.ActiveCfg = Release|Any CPU
		{EA6F2A9B-6489-47E3-8851-DFE78DBC7309}.Release|Any CPU.Build.0 = Release|Any CPU
		{9D350556-61A0-4895-A4F9-7F3A45DED620}.Debug|Any CPU.ActiveCfg = Debug|Any CPU
		{9D350556-61A0-4895-A4F9-7F3A45DED620}.Debug|Any CPU.Build.0 = Debug|Any CPU
		{9D350556-61A0-4895-A4F9-7F3A45DED620}.Release|Any CPU.ActiveCfg = Release|Any CPU
		{9D350556-61A0-4895-A4F9-7F3A45DED620}.Release|Any CPU.Build.0 = Release|Any CPU
		{FDFA2763-651A-4CB4-B1E5-D830EB6FE624}.Debug|Any CPU.ActiveCfg = Debug|Any CPU
		{FDFA2763-651A-4CB4-B1E5-D830EB6FE624}.Debug|Any CPU.Build.0 = Debug|Any CPU
		{FDFA2763-651A-4CB4-B1E5-D830EB6FE624}.Release|Any CPU.ActiveCfg = Release|Any CPU
		{FDFA2763-651A-4CB4-B1E5-D830EB6FE624}.Release|Any CPU.Build.0 = Release|Any CPU
		{1E484734-EAED-4106-B9D4-CC101EFDF20A}.Debug|Any CPU.ActiveCfg = Debug|Any CPU
		{1E484734-EAED-4106-B9D4-CC101EFDF20A}.Debug|Any CPU.Build.0 = Debug|Any CPU
		{1E484734-EAED-4106-B9D4-CC101EFDF20A}.Release|Any CPU.ActiveCfg = Release|Any CPU
		{1E484734-EAED-4106-B9D4-CC101EFDF20A}.Release|Any CPU.Build.0 = Release|Any CPU
		{1A55A5D1-5EC2-4B6E-AAA1-46A3DBA6D209}.Debug|Any CPU.ActiveCfg = Debug|Any CPU
		{1A55A5D1-5EC2-4B6E-AAA1-46A3DBA6D209}.Debug|Any CPU.Build.0 = Debug|Any CPU
		{1A55A5D1-5EC2-4B6E-AAA1-46A3DBA6D209}.Release|Any CPU.ActiveCfg = Release|Any CPU
		{1A55A5D1-5EC2-4B6E-AAA1-46A3DBA6D209}.Release|Any CPU.Build.0 = Release|Any CPU
		{EF18899D-7EDD-43CD-A2D8-5E40CC809F90}.Debug|Any CPU.ActiveCfg = Debug|Any CPU
		{EF18899D-7EDD-43CD-A2D8-5E40CC809F90}.Debug|Any CPU.Build.0 = Debug|Any CPU
		{EF18899D-7EDD-43CD-A2D8-5E40CC809F90}.Release|Any CPU.ActiveCfg = Release|Any CPU
		{EF18899D-7EDD-43CD-A2D8-5E40CC809F90}.Release|Any CPU.Build.0 = Release|Any CPU
		{15D36869-FC1B-4A26-8AFB-388530908B49}.Debug|Any CPU.ActiveCfg = Debug|Any CPU
		{15D36869-FC1B-4A26-8AFB-388530908B49}.Debug|Any CPU.Build.0 = Debug|Any CPU
		{15D36869-FC1B-4A26-8AFB-388530908B49}.Release|Any CPU.ActiveCfg = Release|Any CPU
		{15D36869-FC1B-4A26-8AFB-388530908B49}.Release|Any CPU.Build.0 = Release|Any CPU
		{19F044C0-DDE5-4D6F-BE72-A1477C76167E}.Debug|Any CPU.ActiveCfg = Debug|Any CPU
		{19F044C0-DDE5-4D6F-BE72-A1477C76167E}.Debug|Any CPU.Build.0 = Debug|Any CPU
		{19F044C0-DDE5-4D6F-BE72-A1477C76167E}.Release|Any CPU.ActiveCfg = Release|Any CPU
		{19F044C0-DDE5-4D6F-BE72-A1477C76167E}.Release|Any CPU.Build.0 = Release|Any CPU
		{130A7D9F-A6D9-43F2-BEA7-B3612DDAC24F}.Debug|Any CPU.ActiveCfg = Debug|Any CPU
		{130A7D9F-A6D9-43F2-BEA7-B3612DDAC24F}.Debug|Any CPU.Build.0 = Debug|Any CPU
		{130A7D9F-A6D9-43F2-BEA7-B3612DDAC24F}.Release|Any CPU.ActiveCfg = Release|Any CPU
		{130A7D9F-A6D9-43F2-BEA7-B3612DDAC24F}.Release|Any CPU.Build.0 = Release|Any CPU
		{AE63E3CE-DCAC-4380-AFF8-188B1B74B57E}.Debug|Any CPU.ActiveCfg = Debug|Any CPU
		{AE63E3CE-DCAC-4380-AFF8-188B1B74B57E}.Debug|Any CPU.Build.0 = Debug|Any CPU
		{AE63E3CE-DCAC-4380-AFF8-188B1B74B57E}.Release|Any CPU.ActiveCfg = Release|Any CPU
		{AE63E3CE-DCAC-4380-AFF8-188B1B74B57E}.Release|Any CPU.Build.0 = Release|Any CPU
		{1237B32A-8C46-4C6B-8622-EF4B1A8E67D9}.Debug|Any CPU.ActiveCfg = Debug|Any CPU
		{1237B32A-8C46-4C6B-8622-EF4B1A8E67D9}.Debug|Any CPU.Build.0 = Debug|Any CPU
		{1237B32A-8C46-4C6B-8622-EF4B1A8E67D9}.Release|Any CPU.ActiveCfg = Release|Any CPU
		{1237B32A-8C46-4C6B-8622-EF4B1A8E67D9}.Release|Any CPU.Build.0 = Release|Any CPU
		{0620B966-AB64-4147-BADE-EAB95E69B121}.Debug|Any CPU.ActiveCfg = Debug|Any CPU
		{0620B966-AB64-4147-BADE-EAB95E69B121}.Debug|Any CPU.Build.0 = Debug|Any CPU
		{0620B966-AB64-4147-BADE-EAB95E69B121}.Release|Any CPU.ActiveCfg = Release|Any CPU
		{0620B966-AB64-4147-BADE-EAB95E69B121}.Release|Any CPU.Build.0 = Release|Any CPU
		{3B3E7CF6-5689-4913-8789-AA2FD2B0454B}.Debug|Any CPU.ActiveCfg = Debug|Any CPU
		{3B3E7CF6-5689-4913-8789-AA2FD2B0454B}.Debug|Any CPU.Build.0 = Debug|Any CPU
		{3B3E7CF6-5689-4913-8789-AA2FD2B0454B}.Release|Any CPU.ActiveCfg = Release|Any CPU
		{3B3E7CF6-5689-4913-8789-AA2FD2B0454B}.Release|Any CPU.Build.0 = Release|Any CPU
		{BBB22698-17DD-4BB0-997D-F1156AA52168}.Debug|Any CPU.ActiveCfg = Debug|Any CPU
		{BBB22698-17DD-4BB0-997D-F1156AA52168}.Debug|Any CPU.Build.0 = Debug|Any CPU
		{BBB22698-17DD-4BB0-997D-F1156AA52168}.Release|Any CPU.ActiveCfg = Release|Any CPU
		{BBB22698-17DD-4BB0-997D-F1156AA52168}.Release|Any CPU.Build.0 = Release|Any CPU
		{F34A8C28-8528-4B1A-B396-759B43AAC14D}.Debug|Any CPU.ActiveCfg = Debug|Any CPU
		{F34A8C28-8528-4B1A-B396-759B43AAC14D}.Debug|Any CPU.Build.0 = Debug|Any CPU
		{F34A8C28-8528-4B1A-B396-759B43AAC14D}.Release|Any CPU.ActiveCfg = Release|Any CPU
		{F34A8C28-8528-4B1A-B396-759B43AAC14D}.Release|Any CPU.Build.0 = Release|Any CPU
		{7CD166DA-499E-4F13-AC99-584EEC9EAF94}.Debug|Any CPU.ActiveCfg = Debug|Any CPU
		{7CD166DA-499E-4F13-AC99-584EEC9EAF94}.Debug|Any CPU.Build.0 = Debug|Any CPU
		{7CD166DA-499E-4F13-AC99-584EEC9EAF94}.Release|Any CPU.ActiveCfg = Release|Any CPU
		{7CD166DA-499E-4F13-AC99-584EEC9EAF94}.Release|Any CPU.Build.0 = Release|Any CPU
		{590F01AC-0604-4B46-B1EB-674C14854675}.Debug|Any CPU.ActiveCfg = Debug|Any CPU
		{590F01AC-0604-4B46-B1EB-674C14854675}.Debug|Any CPU.Build.0 = Debug|Any CPU
		{590F01AC-0604-4B46-B1EB-674C14854675}.Release|Any CPU.ActiveCfg = Release|Any CPU
		{590F01AC-0604-4B46-B1EB-674C14854675}.Release|Any CPU.Build.0 = Release|Any CPU
		{676E2790-5B14-43A8-80BB-5DD0D09DDB83}.Debug|Any CPU.ActiveCfg = Debug|Any CPU
		{676E2790-5B14-43A8-80BB-5DD0D09DDB83}.Debug|Any CPU.Build.0 = Debug|Any CPU
		{676E2790-5B14-43A8-80BB-5DD0D09DDB83}.Release|Any CPU.ActiveCfg = Release|Any CPU
		{676E2790-5B14-43A8-80BB-5DD0D09DDB83}.Release|Any CPU.Build.0 = Release|Any CPU
		{4A4E0BE1-04B4-479F-8568-E6A4A8DBE6F3}.Debug|Any CPU.ActiveCfg = Debug|Any CPU
		{4A4E0BE1-04B4-479F-8568-E6A4A8DBE6F3}.Debug|Any CPU.Build.0 = Debug|Any CPU
		{4A4E0BE1-04B4-479F-8568-E6A4A8DBE6F3}.Release|Any CPU.ActiveCfg = Release|Any CPU
		{4A4E0BE1-04B4-479F-8568-E6A4A8DBE6F3}.Release|Any CPU.Build.0 = Release|Any CPU
		{9CF0FF03-F9C0-489B-AB69-F027107B21FE}.Debug|Any CPU.ActiveCfg = Debug|Any CPU
		{9CF0FF03-F9C0-489B-AB69-F027107B21FE}.Debug|Any CPU.Build.0 = Debug|Any CPU
		{9CF0FF03-F9C0-489B-AB69-F027107B21FE}.Release|Any CPU.ActiveCfg = Release|Any CPU
		{9CF0FF03-F9C0-489B-AB69-F027107B21FE}.Release|Any CPU.Build.0 = Release|Any CPU
		{D3A2B759-783D-47C4-869E-953E4550CA77}.Debug|Any CPU.ActiveCfg = Debug|Any CPU
		{D3A2B759-783D-47C4-869E-953E4550CA77}.Debug|Any CPU.Build.0 = Debug|Any CPU
		{D3A2B759-783D-47C4-869E-953E4550CA77}.Release|Any CPU.ActiveCfg = Release|Any CPU
		{D3A2B759-783D-47C4-869E-953E4550CA77}.Release|Any CPU.Build.0 = Release|Any CPU
		{9639F02E-C0FB-4E35-8746-1927A9335C0A}.Debug|Any CPU.ActiveCfg = Debug|Any CPU
		{9639F02E-C0FB-4E35-8746-1927A9335C0A}.Debug|Any CPU.Build.0 = Debug|Any CPU
		{9639F02E-C0FB-4E35-8746-1927A9335C0A}.Release|Any CPU.ActiveCfg = Release|Any CPU
		{9639F02E-C0FB-4E35-8746-1927A9335C0A}.Release|Any CPU.Build.0 = Release|Any CPU
		{4E63AEE7-BEE0-4B06-AFA5-21A3E00A9364}.Debug|Any CPU.ActiveCfg = Debug|Any CPU
		{4E63AEE7-BEE0-4B06-AFA5-21A3E00A9364}.Debug|Any CPU.Build.0 = Debug|Any CPU
		{4E63AEE7-BEE0-4B06-AFA5-21A3E00A9364}.Release|Any CPU.ActiveCfg = Release|Any CPU
		{4E63AEE7-BEE0-4B06-AFA5-21A3E00A9364}.Release|Any CPU.Build.0 = Release|Any CPU
		{A0EE0960-A072-4D23-97F0-7DBDB9D58882}.Debug|Any CPU.ActiveCfg = Debug|Any CPU
		{A0EE0960-A072-4D23-97F0-7DBDB9D58882}.Debug|Any CPU.Build.0 = Debug|Any CPU
		{A0EE0960-A072-4D23-97F0-7DBDB9D58882}.Release|Any CPU.ActiveCfg = Release|Any CPU
		{A0EE0960-A072-4D23-97F0-7DBDB9D58882}.Release|Any CPU.Build.0 = Release|Any CPU
		{6D11DA4B-B172-42D0-B547-85DF7E76B752}.Debug|Any CPU.ActiveCfg = Debug|Any CPU
		{6D11DA4B-B172-42D0-B547-85DF7E76B752}.Debug|Any CPU.Build.0 = Debug|Any CPU
		{6D11DA4B-B172-42D0-B547-85DF7E76B752}.Release|Any CPU.ActiveCfg = Release|Any CPU
		{6D11DA4B-B172-42D0-B547-85DF7E76B752}.Release|Any CPU.Build.0 = Release|Any CPU
		{34F7A8AE-B043-468D-BC51-504EBE00F992}.Debug|Any CPU.ActiveCfg = Debug|Any CPU
		{34F7A8AE-B043-468D-BC51-504EBE00F992}.Debug|Any CPU.Build.0 = Debug|Any CPU
		{34F7A8AE-B043-468D-BC51-504EBE00F992}.Release|Any CPU.ActiveCfg = Release|Any CPU
		{34F7A8AE-B043-468D-BC51-504EBE00F992}.Release|Any CPU.Build.0 = Release|Any CPU
		{6830060B-BDCD-4B86-BC8C-1E4AC0348C83}.Debug|Any CPU.ActiveCfg = Debug|Any CPU
		{6830060B-BDCD-4B86-BC8C-1E4AC0348C83}.Debug|Any CPU.Build.0 = Debug|Any CPU
		{6830060B-BDCD-4B86-BC8C-1E4AC0348C83}.Release|Any CPU.ActiveCfg = Release|Any CPU
		{6830060B-BDCD-4B86-BC8C-1E4AC0348C83}.Release|Any CPU.Build.0 = Release|Any CPU
	EndGlobalSection
	GlobalSection(SolutionProperties) = preSolution
		HideSolutionNode = FALSE
	EndGlobalSection
	GlobalSection(NestedProjects) = preSolution
		{5FC7626E-EDA1-44CC-A8B6-33822973ACC1} = {B474158D-6574-484F-AE7B-ED4E99E3E8F0}
		{19B28A06-2969-4720-A56F-ECCEF731EB76} = {B474158D-6574-484F-AE7B-ED4E99E3E8F0}
		{B474158D-6574-484F-AE7B-ED4E99E3E8F0} = {A389C4E7-F523-4440-96F7-915B23613804}
		{1B352BE8-7F97-45E0-9335-72F92455FE90} = {A389C4E7-F523-4440-96F7-915B23613804}
		{A389C4E7-F523-4440-96F7-915B23613804} = {02EA681E-C7D8-13C7-8484-4AC65E1B71E8}
		{2E364FA1-C931-4F33-9255-BA9DC05573D0} = {02EA681E-C7D8-13C7-8484-4AC65E1B71E8}
		{B765B191-95FB-4684-A3EB-918192BF3B11} = {2E364FA1-C931-4F33-9255-BA9DC05573D0}
		{41C7C348-376A-49B1-A3A7-7AB9F3375733} = {B765B191-95FB-4684-A3EB-918192BF3B11}
		{F13E4C8A-58FD-4F1E-854D-308FAC74FA20} = {B765B191-95FB-4684-A3EB-918192BF3B11}
		{D871E673-3A66-485A-94E1-FDF3EAED4A21} = {1B352BE8-7F97-45E0-9335-72F92455FE90}
		{6C2F2CEC-D86A-4B7D-B5A6-A2DD210D0828} = {2E364FA1-C931-4F33-9255-BA9DC05573D0}
		{8A633278-2070-4F27-99B9-95025E817451} = {6C2F2CEC-D86A-4B7D-B5A6-A2DD210D0828}
		{4915B6DE-ECC7-4B55-9A51-EEF6FCB40E7A} = {02EA681E-C7D8-13C7-8484-4AC65E1B71E8}
		{2B537541-54DF-4BD0-8EB1-9813DD4CB6D7} = {4915B6DE-ECC7-4B55-9A51-EEF6FCB40E7A}
		{6E8238B4-C185-407E-B1C7-85BC54A61FE7} = {2B537541-54DF-4BD0-8EB1-9813DD4CB6D7}
		{AF4B1631-FD7F-4B43-9BD7-0D00EEAE419B} = {2B537541-54DF-4BD0-8EB1-9813DD4CB6D7}
		{83C8C3FB-69D1-477F-A9C1-33B4D41155AD} = {4915B6DE-ECC7-4B55-9A51-EEF6FCB40E7A}
		{913E7537-B9E0-43CA-B25D-0B3B837D0B92} = {83C8C3FB-69D1-477F-A9C1-33B4D41155AD}
		{641AD7A1-F9F2-4998-9E17-D174B13B8C7B} = {83C8C3FB-69D1-477F-A9C1-33B4D41155AD}
		{D700FFB0-C9EF-49E0-A369-40533017C630} = {02EA681E-C7D8-13C7-8484-4AC65E1B71E8}
		{F2237775-9293-4976-B946-7AFE90963BE2} = {D700FFB0-C9EF-49E0-A369-40533017C630}
		{510DB8DF-5A22-4A9E-8D07-8F0E94D9BCB6} = {F2237775-9293-4976-B946-7AFE90963BE2}
		{FDEFD231-08D7-4195-A8ED-3069E13C14FF} = {F2237775-9293-4976-B946-7AFE90963BE2}
		{BA0821BE-9733-4A15-9C0F-F29CB9D6AED2} = {D700FFB0-C9EF-49E0-A369-40533017C630}
		{1600AC3B-92EA-42CD-BCB3-7A08581A63B4} = {BA0821BE-9733-4A15-9C0F-F29CB9D6AED2}
		{5A1D0D01-7D31-413E-9D86-EB6435AAA53A} = {BA0821BE-9733-4A15-9C0F-F29CB9D6AED2}
		{D3D80660-EABE-4EE6-8346-F5171ED40487} = {F2237775-9293-4976-B946-7AFE90963BE2}
		{DD5B0D76-CB48-48C5-A6F3-3D4901764860} = {F2237775-9293-4976-B946-7AFE90963BE2}
		{2306642D-4811-4886-B583-BA0D0E638C54} = {02EA681E-C7D8-13C7-8484-4AC65E1B71E8}
		{FCCD2265-7381-4379-BEFB-CF3BE1E82C3C} = {2306642D-4811-4886-B583-BA0D0E638C54}
		{067F0B01-F289-4CC1-A150-6B17AA0B55B8} = {FCCD2265-7381-4379-BEFB-CF3BE1E82C3C}
		{E01A22C5-4C8E-436B-AC1B-455F5925AD4F} = {FCCD2265-7381-4379-BEFB-CF3BE1E82C3C}
		{2CBADA51-8DDF-4516-83FA-736211C8C973} = {02EA681E-C7D8-13C7-8484-4AC65E1B71E8}
		{EC11E158-0946-40EB-B366-1D7AFF9FC82E} = {2CBADA51-8DDF-4516-83FA-736211C8C973}
		{47F1534C-A026-4E87-8D88-BD12D9390EC1} = {EC11E158-0946-40EB-B366-1D7AFF9FC82E}
		{7C8C34FA-C981-4C30-A55A-525FF5F07A51} = {EC11E158-0946-40EB-B366-1D7AFF9FC82E}
		{8205107A-E196-4464-AEF2-00E9BF2FF3F0} = {2CBADA51-8DDF-4516-83FA-736211C8C973}
		{4FCE6AEB-75E6-4C90-A998-BAB645879BEB} = {8205107A-E196-4464-AEF2-00E9BF2FF3F0}
		{E51A08BE-DF4E-442E-99F4-7F04A159D275} = {8205107A-E196-4464-AEF2-00E9BF2FF3F0}
		{DE8311A4-AD7C-4CE9-A99D-3A61E5C05754} = {8205107A-E196-4464-AEF2-00E9BF2FF3F0}
		{7B546E05-9B86-4B99-A2BF-7F3AEECB200B} = {8205107A-E196-4464-AEF2-00E9BF2FF3F0}
		{10274755-2F25-421C-9C8F-3A438779505C} = {02EA681E-C7D8-13C7-8484-4AC65E1B71E8}
		{1A7F8D3D-091B-4409-8AB0-946948EBBCFA} = {10274755-2F25-421C-9C8F-3A438779505C}
		{38555331-375E-4C87-9454-A826318277F6} = {1A7F8D3D-091B-4409-8AB0-946948EBBCFA}
		{ED576CD0-2345-4C68-877F-76A99EF0B6D4} = {1A7F8D3D-091B-4409-8AB0-946948EBBCFA}
		{3E8627D2-8A68-4D14-A383-81C8DD6B005B} = {10274755-2F25-421C-9C8F-3A438779505C}
		{5441726F-3C03-461A-B633-46CBBFA9959E} = {3E8627D2-8A68-4D14-A383-81C8DD6B005B}
		{4C6B77D3-01EA-42AC-ABCF-FACDC34A731D} = {3E8627D2-8A68-4D14-A383-81C8DD6B005B}
		{433B8FDF-ABD3-4F54-BEDE-170804A07A08} = {02EA681E-C7D8-13C7-8484-4AC65E1B71E8}
		{FE1984BA-E0DD-4883-AFD4-B0A8D0C2F93F} = {433B8FDF-ABD3-4F54-BEDE-170804A07A08}
		{EBB6E85C-903C-4875-8A4D-31D7EA5FE212} = {FE1984BA-E0DD-4883-AFD4-B0A8D0C2F93F}
		{878A669C-F66E-42BB-9F2A-46E7A66D6EBC} = {FE1984BA-E0DD-4883-AFD4-B0A8D0C2F93F}
		{0372CF4A-3055-4D21-8A39-15E965CFC549} = {433B8FDF-ABD3-4F54-BEDE-170804A07A08}
		{AC81F260-8EFE-91B1-816D-74608586C772} = {0372CF4A-3055-4D21-8A39-15E965CFC549}
		{252DC1D0-6D17-974C-F1AB-CC5583569B39} = {0372CF4A-3055-4D21-8A39-15E965CFC549}
		{9A3C6F5E-F39C-465C-BB4E-0AB525D5F7AC} = {BFC82BF9-374E-411B-9BFC-638E74F3459B}
		{FF6F794C-99FC-4D20-B396-BE9E8D4B0D76} = {BFC82BF9-374E-411B-9BFC-638E74F3459B}
		{5D5F9E6C-D4FC-4F3B-8860-ACE05BDC496F} = {02EA681E-C7D8-13C7-8484-4AC65E1B71E8}
		{BFC82BF9-374E-411B-9BFC-638E74F3459B} = {5D5F9E6C-D4FC-4F3B-8860-ACE05BDC496F}
		{1440EE57-E8DB-462D-9D4B-870F12C99517} = {5D5F9E6C-D4FC-4F3B-8860-ACE05BDC496F}
		{BC74068F-5A9C-454D-8EBF-9CE31481EB7B} = {1440EE57-E8DB-462D-9D4B-870F12C99517}
		{1AB62A38-46A7-4D61-83B0-EBE948E6F015} = {1440EE57-E8DB-462D-9D4B-870F12C99517}
		{022D29A5-34D2-4DF7-92CF-E9AA3FDCD204} = {02EA681E-C7D8-13C7-8484-4AC65E1B71E8}
		{7664B138-BE62-40BA-ACE3-CFEAB9C2C0D5} = {022D29A5-34D2-4DF7-92CF-E9AA3FDCD204}
		{37BC4C2C-5B26-474D-9A5E-B405BB19C558} = {7664B138-BE62-40BA-ACE3-CFEAB9C2C0D5}
		{171C7B6D-CB92-4FCD-978F-6F3386B84AA3} = {7664B138-BE62-40BA-ACE3-CFEAB9C2C0D5}
		{9FF30B02-7A11-4151-9F36-7B343BF32305} = {02EA681E-C7D8-13C7-8484-4AC65E1B71E8}
		{3D9BF77B-8A09-416B-AC04-C371401C3CC5} = {9FF30B02-7A11-4151-9F36-7B343BF32305}
		{E4A1EE6F-79B4-42C2-9006-36E37EE3FEA1} = {3D9BF77B-8A09-416B-AC04-C371401C3CC5}
		{E676B27E-DCFE-40AB-91B2-E179B97238A1} = {3D9BF77B-8A09-416B-AC04-C371401C3CC5}
		{07EED792-9558-4F42-A12D-6CF99ABB7221} = {3D9BF77B-8A09-416B-AC04-C371401C3CC5}
		{CDFACEB7-3D75-4B55-A6DD-CFCEB05BD543} = {02EA681E-C7D8-13C7-8484-4AC65E1B71E8}
		{BDE00A0B-D150-4A78-BB23-FA2AFDBAD443} = {CDFACEB7-3D75-4B55-A6DD-CFCEB05BD543}
		{ABA4D7B8-4398-444C-9781-81F9AEC832CC} = {BDE00A0B-D150-4A78-BB23-FA2AFDBAD443}
		{74D7D191-035F-46B3-9980-CA5334F9A762} = {BDE00A0B-D150-4A78-BB23-FA2AFDBAD443}
		{B74C6888-D2BF-49F2-BC9B-8DDFF556886E} = {BDE00A0B-D150-4A78-BB23-FA2AFDBAD443}
		{A8D402D8-CDE6-4648-B63B-D74EA9E0DAE3} = {02EA681E-C7D8-13C7-8484-4AC65E1B71E8}
		{182F2807-2696-464B-BF16-299703D30D16} = {A8D402D8-CDE6-4648-B63B-D74EA9E0DAE3}
		{4BBDC561-C82D-4209-B3CB-4FAD329F6FE9} = {182F2807-2696-464B-BF16-299703D30D16}
		{CD0DF217-44B0-404D-8E22-3D38CAB89576} = {182F2807-2696-464B-BF16-299703D30D16}
		{BE8F4B06-7B49-49F7-A434-346C3B1F68B6} = {02EA681E-C7D8-13C7-8484-4AC65E1B71E8}
		{B904652D-F842-45FF-A21E-FBE848F6B33F} = {BE8F4B06-7B49-49F7-A434-346C3B1F68B6}
		{EA6F2A9B-6489-47E3-8851-DFE78DBC7309} = {B904652D-F842-45FF-A21E-FBE848F6B33F}
		{9D350556-61A0-4895-A4F9-7F3A45DED620} = {B904652D-F842-45FF-A21E-FBE848F6B33F}
		{B845B7D1-9CE8-4D82-9305-4C5F62804FF4} = {02EA681E-C7D8-13C7-8484-4AC65E1B71E8}
		{30DD19D1-5732-4993-933F-7AE5F92BF574} = {B845B7D1-9CE8-4D82-9305-4C5F62804FF4}
		{FDFA2763-651A-4CB4-B1E5-D830EB6FE624} = {30DD19D1-5732-4993-933F-7AE5F92BF574}
		{1E484734-EAED-4106-B9D4-CC101EFDF20A} = {30DD19D1-5732-4993-933F-7AE5F92BF574}
		{0D119C30-119B-4EE8-B9DE-3981440074F0} = {02EA681E-C7D8-13C7-8484-4AC65E1B71E8}
		{74E8988F-ED96-4E58-A1C2-D0B92268C064} = {0D119C30-119B-4EE8-B9DE-3981440074F0}
		{1A55A5D1-5EC2-4B6E-AAA1-46A3DBA6D209} = {74E8988F-ED96-4E58-A1C2-D0B92268C064}
		{EF18899D-7EDD-43CD-A2D8-5E40CC809F90} = {74E8988F-ED96-4E58-A1C2-D0B92268C064}
		{8E1E89C3-1B1D-40DB-B3D7-3DF9773CCA3D} = {EB4B71B2-4F5E-43A3-A1D9-5ADB213BDF47}
		{1BC4F617-770F-4D17-B974-ABEB535184C3} = {8E1E89C3-1B1D-40DB-B3D7-3DF9773CCA3D}
		{15D36869-FC1B-4A26-8AFB-388530908B49} = {1BC4F617-770F-4D17-B974-ABEB535184C3}
		{32DC79E7-1747-40C9-856B-325A49117689} = {EB4B71B2-4F5E-43A3-A1D9-5ADB213BDF47}
		{3C0850C8-B5F4-4337-8C0F-076ADB5C55FB} = {32DC79E7-1747-40C9-856B-325A49117689}
		{19F044C0-DDE5-4D6F-BE72-A1477C76167E} = {3C0850C8-B5F4-4337-8C0F-076ADB5C55FB}
		{130A7D9F-A6D9-43F2-BEA7-B3612DDAC24F} = {3C0850C8-B5F4-4337-8C0F-076ADB5C55FB}
		{0BF9CF3A-9967-4365-A303-952DC47F4559} = {32DC79E7-1747-40C9-856B-325A49117689}
		{AE63E3CE-DCAC-4380-AFF8-188B1B74B57E} = {0BF9CF3A-9967-4365-A303-952DC47F4559}
		{1237B32A-8C46-4C6B-8622-EF4B1A8E67D9} = {0BF9CF3A-9967-4365-A303-952DC47F4559}
		{4B157E75-2183-4565-A854-B64ED7250085} = {EB4B71B2-4F5E-43A3-A1D9-5ADB213BDF47}
		{7E3CA3BB-F218-42F7-AB77-0369F76C2209} = {4B157E75-2183-4565-A854-B64ED7250085}
		{0620B966-AB64-4147-BADE-EAB95E69B121} = {7E3CA3BB-F218-42F7-AB77-0369F76C2209}
		{3B3E7CF6-5689-4913-8789-AA2FD2B0454B} = {7E3CA3BB-F218-42F7-AB77-0369F76C2209}
		{DCB5B287-D058-4421-9E0E-890F5279158B} = {EB4B71B2-4F5E-43A3-A1D9-5ADB213BDF47}
		{037AAD36-A223-4C23-86A3-B88F4A4232C8} = {DCB5B287-D058-4421-9E0E-890F5279158B}
		{BBB22698-17DD-4BB0-997D-F1156AA52168} = {037AAD36-A223-4C23-86A3-B88F4A4232C8}
		{F34A8C28-8528-4B1A-B396-759B43AAC14D} = {037AAD36-A223-4C23-86A3-B88F4A4232C8}
		{E3DD2427-123B-4E2D-A9A0-CB114A4F38E8} = {EB4B71B2-4F5E-43A3-A1D9-5ADB213BDF47}
		{E579BBD0-D0EA-42B8-A02B-6A856F365F4D} = {E3DD2427-123B-4E2D-A9A0-CB114A4F38E8}
		{7CD166DA-499E-4F13-AC99-584EEC9EAF94} = {E579BBD0-D0EA-42B8-A02B-6A856F365F4D}
		{590F01AC-0604-4B46-B1EB-674C14854675} = {E579BBD0-D0EA-42B8-A02B-6A856F365F4D}
		{02CDC402-DC54-4CEB-8E93-D65EE8E29718} = {EB4B71B2-4F5E-43A3-A1D9-5ADB213BDF47}
		{9584A9F3-985B-4F62-AC1D-93F0F0FEC1FA} = {02CDC402-DC54-4CEB-8E93-D65EE8E29718}
		{676E2790-5B14-43A8-80BB-5DD0D09DDB83} = {9584A9F3-985B-4F62-AC1D-93F0F0FEC1FA}
		{80B82436-47A6-404F-A92B-DABA9DAD6365} = {EB4B71B2-4F5E-43A3-A1D9-5ADB213BDF47}
		{7A770DA5-0DFE-448D-B3C6-D60371498509} = {80B82436-47A6-404F-A92B-DABA9DAD6365}
		{4A4E0BE1-04B4-479F-8568-E6A4A8DBE6F3} = {7A770DA5-0DFE-448D-B3C6-D60371498509}
		{9CF0FF03-F9C0-489B-AB69-F027107B21FE} = {7A770DA5-0DFE-448D-B3C6-D60371498509}
		{D3A2B759-783D-47C4-869E-953E4550CA77} = {9584A9F3-985B-4F62-AC1D-93F0F0FEC1FA}
		{97A3C574-7C9C-403E-90C6-B01CF074B8EF} = {80B82436-47A6-404F-A92B-DABA9DAD6365}
		{9639F02E-C0FB-4E35-8746-1927A9335C0A} = {97A3C574-7C9C-403E-90C6-B01CF074B8EF}
		{C1EBBABA-4B85-43E4-A5BC-86CB4EFBFDF9} = {EB4B71B2-4F5E-43A3-A1D9-5ADB213BDF47}
		{E19293FC-736A-4EAA-9BB8-7913403BFE6D} = {C1EBBABA-4B85-43E4-A5BC-86CB4EFBFDF9}
		{4E63AEE7-BEE0-4B06-AFA5-21A3E00A9364} = {E19293FC-736A-4EAA-9BB8-7913403BFE6D}
		{A0EE0960-A072-4D23-97F0-7DBDB9D58882} = {E19293FC-736A-4EAA-9BB8-7913403BFE6D}
		{0BC68519-1F0A-47C7-AC49-5CB5FFFD0932} = {EB4B71B2-4F5E-43A3-A1D9-5ADB213BDF47}
		{6D11DA4B-B172-42D0-B547-85DF7E76B752} = {CC73724C-FAE4-498E-846F-7275486329C9}
		{CC73724C-FAE4-498E-846F-7275486329C9} = {0BC68519-1F0A-47C7-AC49-5CB5FFFD0932}
		{34F7A8AE-B043-468D-BC51-504EBE00F992} = {CC73724C-FAE4-498E-846F-7275486329C9}
		{A26671C7-2293-4B88-8161-20552CC855C7} = {EB4B71B2-4F5E-43A3-A1D9-5ADB213BDF47}
		{0A2564FB-2009-4311-97DA-7E1F7745E995} = {A26671C7-2293-4B88-8161-20552CC855C7}
		{76E45EC1-4461-4767-9AAE-2A8CD88C75EE} = {A26671C7-2293-4B88-8161-20552CC855C7}
		{6830060B-BDCD-4B86-BC8C-1E4AC0348C83} = {76E45EC1-4461-4767-9AAE-2A8CD88C75EE}
	EndGlobalSection
	GlobalSection(ExtensibilityGlobals) = postSolution
		SolutionGuid = {962B21CB-5EA5-4FB9-845E-0AEE226B9083}
	EndGlobalSection
EndGlobal
