
Microsoft Visual Studio Solution File, Format Version 12.00
# Visual Studio Version 17
VisualStudioVersion = 17.14.36616.10
MinimumVisualStudioVersion = 10.0.40219.1
Project("{FAE04EC0-301F-11D3-BF4B-00C04F79EFBC}") = "MergeTwoSortedLists_21", "MergeTwoSortedLists_21_Easy\MergeTwoSortedLists_21.csproj", "{5FC7626E-EDA1-44CC-A8B6-33822973ACC1}"
EndProject
Project("{FAE04EC0-301F-11D3-BF4B-00C04F79EFBC}") = "MergeTwoSortedLists_21_Test", "MergeTwoSortedLists_21_Easy_Test\MergeTwoSortedLists_21_Test.csproj", "{19B28A06-2969-4720-A56F-ECCEF731EB76}"
EndProject
Project("{2150E333-8FDC-42A3-9474-1A3956D46DE8}") = "BuildFoundation", "BuildFoundation", "{8EC462FD-D22E-90A8-E5CE-7E832BA40C5D}"
	ProjectSection(SolutionItems) = preProject
		Strategy.txt = Strategy.txt
	EndProjectSection
EndProject
Project("{2150E333-8FDC-42A3-9474-1A3956D46DE8}") = "29102025-07112025", "29102025-07112025", "{02EA681E-C7D8-13C7-8484-4AC65E1B71E8}"
EndProject
Project("{2150E333-8FDC-42A3-9474-1A3956D46DE8}") = "1_LinkedLists_Easy", "1_LinkedLists_Easy", "{B474158D-6574-484F-AE7B-ED4E99E3E8F0}"
EndProject
Project("{2150E333-8FDC-42A3-9474-1A3956D46DE8}") = "2_BinarySearch_Medium", "2_BinarySearch_Medium", "{1B352BE8-7F97-45E0-9335-72F92455FE90}"
EndProject
Project("{2150E333-8FDC-42A3-9474-1A3956D46DE8}") = "29102025", "29102025", "{A389C4E7-F523-4440-96F7-915B23613804}"
EndProject
Project("{2150E333-8FDC-42A3-9474-1A3956D46DE8}") = "30102025", "30102025", "{2E364FA1-C931-4F33-9255-BA9DC05573D0}"
EndProject
Project("{2150E333-8FDC-42A3-9474-1A3956D46DE8}") = "1_LinkedList_Easy", "1_LinkedList_Easy", "{B765B191-95FB-4684-A3EB-918192BF3B11}"
EndProject
Project("{FAE04EC0-301F-11D3-BF4B-00C04F79EFBC}") = "RemoveDuplicatesFromSortedList_83", "RemoveDuplicatesFromSortedList_83\RemoveDuplicatesFromSortedList_83.csproj", "{41C7C348-376A-49B1-A3A7-7AB9F3375733}"
EndProject
Project("{FAE04EC0-301F-11D3-BF4B-00C04F79EFBC}") = "RemoveDuplicatesFromSortedList_83_Test", "RemoveDuplicatesFromSortedList_83_Test\RemoveDuplicatesFromSortedList_83_Test.csproj", "{F13E4C8A-58FD-4F1E-854D-308FAC74FA20}"
EndProject
Project("{FAE04EC0-301F-11D3-BF4B-00C04F79EFBC}") = "DivideTwoIntegers_29", "DivideTwoIntegers_29\DivideTwoIntegers_29.csproj", "{D871E673-3A66-485A-94E1-FDF3EAED4A21}"
EndProject
Project("{2150E333-8FDC-42A3-9474-1A3956D46DE8}") = "2_BinarySearch_Medium", "2_BinarySearch_Medium", "{6C2F2CEC-D86A-4B7D-B5A6-A2DD210D0828}"
EndProject
Project("{FAE04EC0-301F-11D3-BF4B-00C04F79EFBC}") = "SearchInRotatedSortedArray_3", "SearchInRotatedSortedArray\SearchInRotatedSortedArray_3.csproj", "{8A633278-2070-4F27-99B9-95025E817451}"
EndProject
Project("{2150E333-8FDC-42A3-9474-1A3956D46DE8}") = "31102025", "31102025", "{4915B6DE-ECC7-4B55-9A51-EEF6FCB40E7A}"
EndProject
Project("{2150E333-8FDC-42A3-9474-1A3956D46DE8}") = "1_LinkedList_Easy", "1_LinkedList_Easy", "{2B537541-54DF-4BD0-8EB1-9813DD4CB6D7}"
EndProject
Project("{FAE04EC0-301F-11D3-BF4B-00C04F79EFBC}") = "LinkedListCycle_141", "LinkedListCycle_141\LinkedListCycle_141.csproj", "{6E8238B4-C185-407E-B1C7-85BC54A61FE7}"
EndProject
Project("{FAE04EC0-301F-11D3-BF4B-00C04F79EFBC}") = "LinkedListCycle_141_Test", "LinkedListCycle_141_Test\LinkedListCycle_141_Test.csproj", "{AF4B1631-FD7F-4B43-9BD7-0D00EEAE419B}"
EndProject
Project("{2150E333-8FDC-42A3-9474-1A3956D46DE8}") = "2_BinarySearch_Medium", "2_BinarySearch_Medium", "{83C8C3FB-69D1-477F-A9C1-33B4D41155AD}"
EndProject
Project("{FAE04EC0-301F-11D3-BF4B-00C04F79EFBC}") = "FindFirstAndLastPositionOfElementInSortedArray_34", "FindFirstAndLastPositionOfElementInSortedArray_34\FindFirstAndLastPositionOfElementInSortedArray_34.csproj", "{913E7537-B9E0-43CA-B25D-0B3B837D0B92}"
EndProject
Project("{FAE04EC0-301F-11D3-BF4B-00C04F79EFBC}") = "FindFirstAndLastPositionOfElementInSortedArray_34_Test", "FindFirstAndLastPositionOfElementInSortedArray_34_Test\FindFirstAndLastPositionOfElementInSortedArray_34_Test.csproj", "{641AD7A1-F9F2-4998-9E17-D174B13B8C7B}"
EndProject
Project("{2150E333-8FDC-42A3-9474-1A3956D46DE8}") = "01112025", "01112025", "{D700FFB0-C9EF-49E0-A369-40533017C630}"
EndProject
Project("{2150E333-8FDC-42A3-9474-1A3956D46DE8}") = "1_LinkedList_Easy", "1_LinkedList_Easy", "{F2237775-9293-4976-B946-7AFE90963BE2}"
EndProject
Project("{FAE04EC0-301F-11D3-BF4B-00C04F79EFBC}") = "IntersectionOfTwoLinkedLists_160", "IntersectionOfTwoLinkedLists_160\IntersectionOfTwoLinkedLists_160.csproj", "{510DB8DF-5A22-4A9E-8D07-8F0E94D9BCB6}"
EndProject
Project("{FAE04EC0-301F-11D3-BF4B-00C04F79EFBC}") = "IntersectionOfTwoLinkedLists_160_Test", "IntersectionOfTwoLinkedLists_160_Test\IntersectionOfTwoLinkedLists_160_Test.csproj", "{FDEFD231-08D7-4195-A8ED-3069E13C14FF}"
EndProject
Project("{2150E333-8FDC-42A3-9474-1A3956D46DE8}") = "2_Binary_Search_Medium", "2_Binary_Search_Medium", "{BA0821BE-9733-4A15-9C0F-F29CB9D6AED2}"
EndProject
Project("{FAE04EC0-301F-11D3-BF4B-00C04F79EFBC}") = "PowXN_50", "PowXN\PowXN_50.csproj", "{1600AC3B-92EA-42CD-BCB3-7A08581A63B4}"
EndProject
Project("{FAE04EC0-301F-11D3-BF4B-00C04F79EFBC}") = "PowXN_50_Test", "PowXN_50_Test\PowXN_50_Test.csproj", "{5A1D0D01-7D31-413E-9D86-EB6435AAA53A}"
EndProject
Project("{FAE04EC0-301F-11D3-BF4B-00C04F79EFBC}") = "RemoveLinkedListElements_203", "RemoveLinkedListElements_203\RemoveLinkedListElements_203.csproj", "{D3D80660-EABE-4EE6-8346-F5171ED40487}"
EndProject
Project("{FAE04EC0-301F-11D3-BF4B-00C04F79EFBC}") = "RemoveLinkedListElements_203_Test", "RemoveLinkedListElements_203_Test\RemoveLinkedListElements_203_Test.csproj", "{DD5B0D76-CB48-48C5-A6F3-3D4901764860}"
EndProject
Project("{2150E333-8FDC-42A3-9474-1A3956D46DE8}") = "02112025", "02112025", "{2306642D-4811-4886-B583-BA0D0E638C54}"
EndProject
Project("{2150E333-8FDC-42A3-9474-1A3956D46DE8}") = "1_Linked_List_Easy", "1_Linked_List_Easy", "{FCCD2265-7381-4379-BEFB-CF3BE1E82C3C}"
EndProject
Project("{FAE04EC0-301F-11D3-BF4B-00C04F79EFBC}") = "ReverseLinkedList_206", "ReverseLinkedList_206\ReverseLinkedList_206.csproj", "{067F0B01-F289-4CC1-A150-6B17AA0B55B8}"
EndProject
Project("{FAE04EC0-301F-11D3-BF4B-00C04F79EFBC}") = "ReverseLinkedList_206_Test", "ReverseLinkedList_206_Test\ReverseLinkedList_206_Test.csproj", "{E01A22C5-4C8E-436B-AC1B-455F5925AD4F}"
EndProject
Project("{2150E333-8FDC-42A3-9474-1A3956D46DE8}") = "03112025", "03112025", "{2CBADA51-8DDF-4516-83FA-736211C8C973}"
EndProject
Project("{2150E333-8FDC-42A3-9474-1A3956D46DE8}") = "2_BinarySearch_Middle", "2_BinarySearch_Middle", "{EC11E158-0946-40EB-B366-1D7AFF9FC82E}"
EndProject
Project("{FAE04EC0-301F-11D3-BF4B-00C04F79EFBC}") = "SearchA2DMatrix_74", "SearchA2DMatrix\SearchA2DMatrix_74.csproj", "{47F1534C-A026-4E87-8D88-BD12D9390EC1}"
EndProject
Project("{FAE04EC0-301F-11D3-BF4B-00C04F79EFBC}") = "SearchA2DMatrix_74_Test", "SearchA2DMatrix_74_Test\SearchA2DMatrix_74_Test.csproj", "{7C8C34FA-C981-4C30-A55A-525FF5F07A51}"
EndProject
Project("{2150E333-8FDC-42A3-9474-1A3956D46DE8}") = "1_LinkedList_Easy", "1_LinkedList_Easy", "{8205107A-E196-4464-AEF2-00E9BF2FF3F0}"
EndProject
Project("{FAE04EC0-301F-11D3-BF4B-00C04F79EFBC}") = "PalindromeLinkedList_234", "PalindromeLinkedList_234\PalindromeLinkedList_234.csproj", "{4FCE6AEB-75E6-4C90-A998-BAB645879BEB}"
EndProject
Project("{FAE04EC0-301F-11D3-BF4B-00C04F79EFBC}") = "PalindromeLinkedList_234_Test", "PalindromeLinkedList_234_Test\PalindromeLinkedList_234_Test.csproj", "{E51A08BE-DF4E-442E-99F4-7F04A159D275}"
EndProject
Project("{FAE04EC0-301F-11D3-BF4B-00C04F79EFBC}") = "DeleteNodeInALinkedList_239", "DeleteNodeInALinkedList_239\DeleteNodeInALinkedList_239.csproj", "{DE8311A4-AD7C-4CE9-A99D-3A61E5C05754}"
EndProject
Project("{FAE04EC0-301F-11D3-BF4B-00C04F79EFBC}") = "DeleteNodeInALinkedList_239_Test", "DeleteNodeInALinkedList_239_Test\DeleteNodeInALinkedList_239_Test.csproj", "{7B546E05-9B86-4B99-A2BF-7F3AEECB200B}"
EndProject
Project("{2150E333-8FDC-42A3-9474-1A3956D46DE8}") = "04102025", "04102025", "{10274755-2F25-421C-9C8F-3A438779505C}"
EndProject
Project("{2150E333-8FDC-42A3-9474-1A3956D46DE8}") = "1_Linked_List_Easy", "1_Linked_List_Easy", "{1A7F8D3D-091B-4409-8AB0-946948EBBCFA}"
EndProject
Project("{FAE04EC0-301F-11D3-BF4B-00C04F79EFBC}") = "DesignHashSet_705", "DesignHashSet_705\DesignHashSet_705.csproj", "{38555331-375E-4C87-9454-A826318277F6}"
EndProject
Project("{FAE04EC0-301F-11D3-BF4B-00C04F79EFBC}") = "DesignHashSet_705_Test", "DesignHashSet_705_Test\DesignHashSet_705_Test.csproj", "{ED576CD0-2345-4C68-877F-76A99EF0B6D4}"
EndProject
Global
	GlobalSection(SolutionConfigurationPlatforms) = preSolution
		Debug|Any CPU = Debug|Any CPU
		Release|Any CPU = Release|Any CPU
	EndGlobalSection
	GlobalSection(ProjectConfigurationPlatforms) = postSolution
		{5FC7626E-EDA1-44CC-A8B6-33822973ACC1}.Debug|Any CPU.ActiveCfg = Debug|Any CPU
		{5FC7626E-EDA1-44CC-A8B6-33822973ACC1}.Debug|Any CPU.Build.0 = Debug|Any CPU
		{5FC7626E-EDA1-44CC-A8B6-33822973ACC1}.Release|Any CPU.ActiveCfg = Release|Any CPU
		{5FC7626E-EDA1-44CC-A8B6-33822973ACC1}.Release|Any CPU.Build.0 = Release|Any CPU
		{19B28A06-2969-4720-A56F-ECCEF731EB76}.Debug|Any CPU.ActiveCfg = Debug|Any CPU
		{19B28A06-2969-4720-A56F-ECCEF731EB76}.Debug|Any CPU.Build.0 = Debug|Any CPU
		{19B28A06-2969-4720-A56F-ECCEF731EB76}.Release|Any CPU.ActiveCfg = Release|Any CPU
		{19B28A06-2969-4720-A56F-ECCEF731EB76}.Release|Any CPU.Build.0 = Release|Any CPU
		{41C7C348-376A-49B1-A3A7-7AB9F3375733}.Debug|Any CPU.ActiveCfg = Debug|Any CPU
		{41C7C348-376A-49B1-A3A7-7AB9F3375733}.Debug|Any CPU.Build.0 = Debug|Any CPU
		{41C7C348-376A-49B1-A3A7-7AB9F3375733}.Release|Any CPU.ActiveCfg = Release|Any CPU
		{41C7C348-376A-49B1-A3A7-7AB9F3375733}.Release|Any CPU.Build.0 = Release|Any CPU
		{F13E4C8A-58FD-4F1E-854D-308FAC74FA20}.Debug|Any CPU.ActiveCfg = Debug|Any CPU
		{F13E4C8A-58FD-4F1E-854D-308FAC74FA20}.Debug|Any CPU.Build.0 = Debug|Any CPU
		{F13E4C8A-58FD-4F1E-854D-308FAC74FA20}.Release|Any CPU.ActiveCfg = Release|Any CPU
		{F13E4C8A-58FD-4F1E-854D-308FAC74FA20}.Release|Any CPU.Build.0 = Release|Any CPU
		{D871E673-3A66-485A-94E1-FDF3EAED4A21}.Debug|Any CPU.ActiveCfg = Debug|Any CPU
		{D871E673-3A66-485A-94E1-FDF3EAED4A21}.Debug|Any CPU.Build.0 = Debug|Any CPU
		{D871E673-3A66-485A-94E1-FDF3EAED4A21}.Release|Any CPU.ActiveCfg = Release|Any CPU
		{D871E673-3A66-485A-94E1-FDF3EAED4A21}.Release|Any CPU.Build.0 = Release|Any CPU
		{8A633278-2070-4F27-99B9-95025E817451}.Debug|Any CPU.ActiveCfg = Debug|Any CPU
		{8A633278-2070-4F27-99B9-95025E817451}.Debug|Any CPU.Build.0 = Debug|Any CPU
		{8A633278-2070-4F27-99B9-95025E817451}.Release|Any CPU.ActiveCfg = Release|Any CPU
		{8A633278-2070-4F27-99B9-95025E817451}.Release|Any CPU.Build.0 = Release|Any CPU
		{6E8238B4-C185-407E-B1C7-85BC54A61FE7}.Debug|Any CPU.ActiveCfg = Debug|Any CPU
		{6E8238B4-C185-407E-B1C7-85BC54A61FE7}.Debug|Any CPU.Build.0 = Debug|Any CPU
		{6E8238B4-C185-407E-B1C7-85BC54A61FE7}.Release|Any CPU.ActiveCfg = Release|Any CPU
		{6E8238B4-C185-407E-B1C7-85BC54A61FE7}.Release|Any CPU.Build.0 = Release|Any CPU
		{AF4B1631-FD7F-4B43-9BD7-0D00EEAE419B}.Debug|Any CPU.ActiveCfg = Debug|Any CPU
		{AF4B1631-FD7F-4B43-9BD7-0D00EEAE419B}.Debug|Any CPU.Build.0 = Debug|Any CPU
		{AF4B1631-FD7F-4B43-9BD7-0D00EEAE419B}.Release|Any CPU.ActiveCfg = Release|Any CPU
		{AF4B1631-FD7F-4B43-9BD7-0D00EEAE419B}.Release|Any CPU.Build.0 = Release|Any CPU
		{913E7537-B9E0-43CA-B25D-0B3B837D0B92}.Debug|Any CPU.ActiveCfg = Debug|Any CPU
		{913E7537-B9E0-43CA-B25D-0B3B837D0B92}.Debug|Any CPU.Build.0 = Debug|Any CPU
		{913E7537-B9E0-43CA-B25D-0B3B837D0B92}.Release|Any CPU.ActiveCfg = Release|Any CPU
		{913E7537-B9E0-43CA-B25D-0B3B837D0B92}.Release|Any CPU.Build.0 = Release|Any CPU
		{641AD7A1-F9F2-4998-9E17-D174B13B8C7B}.Debug|Any CPU.ActiveCfg = Debug|Any CPU
		{641AD7A1-F9F2-4998-9E17-D174B13B8C7B}.Debug|Any CPU.Build.0 = Debug|Any CPU
		{641AD7A1-F9F2-4998-9E17-D174B13B8C7B}.Release|Any CPU.ActiveCfg = Release|Any CPU
		{641AD7A1-F9F2-4998-9E17-D174B13B8C7B}.Release|Any CPU.Build.0 = Release|Any CPU
		{510DB8DF-5A22-4A9E-8D07-8F0E94D9BCB6}.Debug|Any CPU.ActiveCfg = Debug|Any CPU
		{510DB8DF-5A22-4A9E-8D07-8F0E94D9BCB6}.Debug|Any CPU.Build.0 = Debug|Any CPU
		{510DB8DF-5A22-4A9E-8D07-8F0E94D9BCB6}.Release|Any CPU.ActiveCfg = Release|Any CPU
		{510DB8DF-5A22-4A9E-8D07-8F0E94D9BCB6}.Release|Any CPU.Build.0 = Release|Any CPU
		{FDEFD231-08D7-4195-A8ED-3069E13C14FF}.Debug|Any CPU.ActiveCfg = Debug|Any CPU
		{FDEFD231-08D7-4195-A8ED-3069E13C14FF}.Debug|Any CPU.Build.0 = Debug|Any CPU
		{FDEFD231-08D7-4195-A8ED-3069E13C14FF}.Release|Any CPU.ActiveCfg = Release|Any CPU
		{FDEFD231-08D7-4195-A8ED-3069E13C14FF}.Release|Any CPU.Build.0 = Release|Any CPU
		{1600AC3B-92EA-42CD-BCB3-7A08581A63B4}.Debug|Any CPU.ActiveCfg = Debug|Any CPU
		{1600AC3B-92EA-42CD-BCB3-7A08581A63B4}.Debug|Any CPU.Build.0 = Debug|Any CPU
		{1600AC3B-92EA-42CD-BCB3-7A08581A63B4}.Release|Any CPU.ActiveCfg = Release|Any CPU
		{1600AC3B-92EA-42CD-BCB3-7A08581A63B4}.Release|Any CPU.Build.0 = Release|Any CPU
		{5A1D0D01-7D31-413E-9D86-EB6435AAA53A}.Debug|Any CPU.ActiveCfg = Debug|Any CPU
		{5A1D0D01-7D31-413E-9D86-EB6435AAA53A}.Debug|Any CPU.Build.0 = Debug|Any CPU
		{5A1D0D01-7D31-413E-9D86-EB6435AAA53A}.Release|Any CPU.ActiveCfg = Release|Any CPU
		{5A1D0D01-7D31-413E-9D86-EB6435AAA53A}.Release|Any CPU.Build.0 = Release|Any CPU
		{D3D80660-EABE-4EE6-8346-F5171ED40487}.Debug|Any CPU.ActiveCfg = Debug|Any CPU
		{D3D80660-EABE-4EE6-8346-F5171ED40487}.Debug|Any CPU.Build.0 = Debug|Any CPU
		{D3D80660-EABE-4EE6-8346-F5171ED40487}.Release|Any CPU.ActiveCfg = Release|Any CPU
		{D3D80660-EABE-4EE6-8346-F5171ED40487}.Release|Any CPU.Build.0 = Release|Any CPU
		{DD5B0D76-CB48-48C5-A6F3-3D4901764860}.Debug|Any CPU.ActiveCfg = Debug|Any CPU
		{DD5B0D76-CB48-48C5-A6F3-3D4901764860}.Debug|Any CPU.Build.0 = Debug|Any CPU
		{DD5B0D76-CB48-48C5-A6F3-3D4901764860}.Release|Any CPU.ActiveCfg = Release|Any CPU
		{DD5B0D76-CB48-48C5-A6F3-3D4901764860}.Release|Any CPU.Build.0 = Release|Any CPU
		{067F0B01-F289-4CC1-A150-6B17AA0B55B8}.Debug|Any CPU.ActiveCfg = Debug|Any CPU
		{067F0B01-F289-4CC1-A150-6B17AA0B55B8}.Debug|Any CPU.Build.0 = Debug|Any CPU
		{067F0B01-F289-4CC1-A150-6B17AA0B55B8}.Release|Any CPU.ActiveCfg = Release|Any CPU
		{067F0B01-F289-4CC1-A150-6B17AA0B55B8}.Release|Any CPU.Build.0 = Release|Any CPU
		{E01A22C5-4C8E-436B-AC1B-455F5925AD4F}.Debug|Any CPU.ActiveCfg = Debug|Any CPU
		{E01A22C5-4C8E-436B-AC1B-455F5925AD4F}.Debug|Any CPU.Build.0 = Debug|Any CPU
		{E01A22C5-4C8E-436B-AC1B-455F5925AD4F}.Release|Any CPU.ActiveCfg = Release|Any CPU
		{E01A22C5-4C8E-436B-AC1B-455F5925AD4F}.Release|Any CPU.Build.0 = Release|Any CPU
		{47F1534C-A026-4E87-8D88-BD12D9390EC1}.Debug|Any CPU.ActiveCfg = Debug|Any CPU
		{47F1534C-A026-4E87-8D88-BD12D9390EC1}.Debug|Any CPU.Build.0 = Debug|Any CPU
		{47F1534C-A026-4E87-8D88-BD12D9390EC1}.Release|Any CPU.ActiveCfg = Release|Any CPU
		{47F1534C-A026-4E87-8D88-BD12D9390EC1}.Release|Any CPU.Build.0 = Release|Any CPU
		{7C8C34FA-C981-4C30-A55A-525FF5F07A51}.Debug|Any CPU.ActiveCfg = Debug|Any CPU
		{7C8C34FA-C981-4C30-A55A-525FF5F07A51}.Debug|Any CPU.Build.0 = Debug|Any CPU
		{7C8C34FA-C981-4C30-A55A-525FF5F07A51}.Release|Any CPU.ActiveCfg = Release|Any CPU
		{7C8C34FA-C981-4C30-A55A-525FF5F07A51}.Release|Any CPU.Build.0 = Release|Any CPU
		{4FCE6AEB-75E6-4C90-A998-BAB645879BEB}.Debug|Any CPU.ActiveCfg = Debug|Any CPU
		{4FCE6AEB-75E6-4C90-A998-BAB645879BEB}.Debug|Any CPU.Build.0 = Debug|Any CPU
		{4FCE6AEB-75E6-4C90-A998-BAB645879BEB}.Release|Any CPU.ActiveCfg = Release|Any CPU
		{4FCE6AEB-75E6-4C90-A998-BAB645879BEB}.Release|Any CPU.Build.0 = Release|Any CPU
		{E51A08BE-DF4E-442E-99F4-7F04A159D275}.Debug|Any CPU.ActiveCfg = Debug|Any CPU
		{E51A08BE-DF4E-442E-99F4-7F04A159D275}.Debug|Any CPU.Build.0 = Debug|Any CPU
		{E51A08BE-DF4E-442E-99F4-7F04A159D275}.Release|Any CPU.ActiveCfg = Release|Any CPU
		{E51A08BE-DF4E-442E-99F4-7F04A159D275}.Release|Any CPU.Build.0 = Release|Any CPU
		{DE8311A4-AD7C-4CE9-A99D-3A61E5C05754}.Debug|Any CPU.ActiveCfg = Debug|Any CPU
		{DE8311A4-AD7C-4CE9-A99D-3A61E5C05754}.Debug|Any CPU.Build.0 = Debug|Any CPU
		{DE8311A4-AD7C-4CE9-A99D-3A61E5C05754}.Release|Any CPU.ActiveCfg = Release|Any CPU
		{DE8311A4-AD7C-4CE9-A99D-3A61E5C05754}.Release|Any CPU.Build.0 = Release|Any CPU
		{7B546E05-9B86-4B99-A2BF-7F3AEECB200B}.Debug|Any CPU.ActiveCfg = Debug|Any CPU
		{7B546E05-9B86-4B99-A2BF-7F3AEECB200B}.Debug|Any CPU.Build.0 = Debug|Any CPU
		{7B546E05-9B86-4B99-A2BF-7F3AEECB200B}.Release|Any CPU.ActiveCfg = Release|Any CPU
		{7B546E05-9B86-4B99-A2BF-7F3AEECB200B}.Release|Any CPU.Build.0 = Release|Any CPU
		{38555331-375E-4C87-9454-A826318277F6}.Debug|Any CPU.ActiveCfg = Debug|Any CPU
		{38555331-375E-4C87-9454-A826318277F6}.Debug|Any CPU.Build.0 = Debug|Any CPU
		{38555331-375E-4C87-9454-A826318277F6}.Release|Any CPU.ActiveCfg = Release|Any CPU
		{38555331-375E-4C87-9454-A826318277F6}.Release|Any CPU.Build.0 = Release|Any CPU
		{ED576CD0-2345-4C68-877F-76A99EF0B6D4}.Debug|Any CPU.ActiveCfg = Debug|Any CPU
		{ED576CD0-2345-4C68-877F-76A99EF0B6D4}.Debug|Any CPU.Build.0 = Debug|Any CPU
		{ED576CD0-2345-4C68-877F-76A99EF0B6D4}.Release|Any CPU.ActiveCfg = Release|Any CPU
		{ED576CD0-2345-4C68-877F-76A99EF0B6D4}.Release|Any CPU.Build.0 = Release|Any CPU
	EndGlobalSection
	GlobalSection(SolutionProperties) = preSolution
		HideSolutionNode = FALSE
	EndGlobalSection
	GlobalSection(NestedProjects) = preSolution
		{5FC7626E-EDA1-44CC-A8B6-33822973ACC1} = {B474158D-6574-484F-AE7B-ED4E99E3E8F0}
		{19B28A06-2969-4720-A56F-ECCEF731EB76} = {B474158D-6574-484F-AE7B-ED4E99E3E8F0}
		{B474158D-6574-484F-AE7B-ED4E99E3E8F0} = {A389C4E7-F523-4440-96F7-915B23613804}
		{1B352BE8-7F97-45E0-9335-72F92455FE90} = {A389C4E7-F523-4440-96F7-915B23613804}
		{A389C4E7-F523-4440-96F7-915B23613804} = {02EA681E-C7D8-13C7-8484-4AC65E1B71E8}
		{2E364FA1-C931-4F33-9255-BA9DC05573D0} = {02EA681E-C7D8-13C7-8484-4AC65E1B71E8}
		{B765B191-95FB-4684-A3EB-918192BF3B11} = {2E364FA1-C931-4F33-9255-BA9DC05573D0}
		{41C7C348-376A-49B1-A3A7-7AB9F3375733} = {B765B191-95FB-4684-A3EB-918192BF3B11}
		{F13E4C8A-58FD-4F1E-854D-308FAC74FA20} = {B765B191-95FB-4684-A3EB-918192BF3B11}
		{D871E673-3A66-485A-94E1-FDF3EAED4A21} = {1B352BE8-7F97-45E0-9335-72F92455FE90}
		{6C2F2CEC-D86A-4B7D-B5A6-A2DD210D0828} = {2E364FA1-C931-4F33-9255-BA9DC05573D0}
		{8A633278-2070-4F27-99B9-95025E817451} = {6C2F2CEC-D86A-4B7D-B5A6-A2DD210D0828}
		{4915B6DE-ECC7-4B55-9A51-EEF6FCB40E7A} = {02EA681E-C7D8-13C7-8484-4AC65E1B71E8}
		{2B537541-54DF-4BD0-8EB1-9813DD4CB6D7} = {4915B6DE-ECC7-4B55-9A51-EEF6FCB40E7A}
		{6E8238B4-C185-407E-B1C7-85BC54A61FE7} = {2B537541-54DF-4BD0-8EB1-9813DD4CB6D7}
		{AF4B1631-FD7F-4B43-9BD7-0D00EEAE419B} = {2B537541-54DF-4BD0-8EB1-9813DD4CB6D7}
		{83C8C3FB-69D1-477F-A9C1-33B4D41155AD} = {4915B6DE-ECC7-4B55-9A51-EEF6FCB40E7A}
		{913E7537-B9E0-43CA-B25D-0B3B837D0B92} = {83C8C3FB-69D1-477F-A9C1-33B4D41155AD}
		{641AD7A1-F9F2-4998-9E17-D174B13B8C7B} = {83C8C3FB-69D1-477F-A9C1-33B4D41155AD}
		{D700FFB0-C9EF-49E0-A369-40533017C630} = {02EA681E-C7D8-13C7-8484-4AC65E1B71E8}
		{F2237775-9293-4976-B946-7AFE90963BE2} = {D700FFB0-C9EF-49E0-A369-40533017C630}
		{510DB8DF-5A22-4A9E-8D07-8F0E94D9BCB6} = {F2237775-9293-4976-B946-7AFE90963BE2}
		{FDEFD231-08D7-4195-A8ED-3069E13C14FF} = {F2237775-9293-4976-B946-7AFE90963BE2}
		{BA0821BE-9733-4A15-9C0F-F29CB9D6AED2} = {D700FFB0-C9EF-49E0-A369-40533017C630}
		{1600AC3B-92EA-42CD-BCB3-7A08581A63B4} = {BA0821BE-9733-4A15-9C0F-F29CB9D6AED2}
		{5A1D0D01-7D31-413E-9D86-EB6435AAA53A} = {BA0821BE-9733-4A15-9C0F-F29CB9D6AED2}
		{D3D80660-EABE-4EE6-8346-F5171ED40487} = {F2237775-9293-4976-B946-7AFE90963BE2}
		{DD5B0D76-CB48-48C5-A6F3-3D4901764860} = {F2237775-9293-4976-B946-7AFE90963BE2}
		{2306642D-4811-4886-B583-BA0D0E638C54} = {02EA681E-C7D8-13C7-8484-4AC65E1B71E8}
		{FCCD2265-7381-4379-BEFB-CF3BE1E82C3C} = {2306642D-4811-4886-B583-BA0D0E638C54}
		{067F0B01-F289-4CC1-A150-6B17AA0B55B8} = {FCCD2265-7381-4379-BEFB-CF3BE1E82C3C}
		{E01A22C5-4C8E-436B-AC1B-455F5925AD4F} = {FCCD2265-7381-4379-BEFB-CF3BE1E82C3C}
		{2CBADA51-8DDF-4516-83FA-736211C8C973} = {02EA681E-C7D8-13C7-8484-4AC65E1B71E8}
		{EC11E158-0946-40EB-B366-1D7AFF9FC82E} = {2CBADA51-8DDF-4516-83FA-736211C8C973}
		{47F1534C-A026-4E87-8D88-BD12D9390EC1} = {EC11E158-0946-40EB-B366-1D7AFF9FC82E}
		{7C8C34FA-C981-4C30-A55A-525FF5F07A51} = {EC11E158-0946-40EB-B366-1D7AFF9FC82E}
		{8205107A-E196-4464-AEF2-00E9BF2FF3F0} = {2CBADA51-8DDF-4516-83FA-736211C8C973}
		{4FCE6AEB-75E6-4C90-A998-BAB645879BEB} = {8205107A-E196-4464-AEF2-00E9BF2FF3F0}
		{E51A08BE-DF4E-442E-99F4-7F04A159D275} = {8205107A-E196-4464-AEF2-00E9BF2FF3F0}
		{DE8311A4-AD7C-4CE9-A99D-3A61E5C05754} = {8205107A-E196-4464-AEF2-00E9BF2FF3F0}
		{7B546E05-9B86-4B99-A2BF-7F3AEECB200B} = {8205107A-E196-4464-AEF2-00E9BF2FF3F0}
		{10274755-2F25-421C-9C8F-3A438779505C} = {02EA681E-C7D8-13C7-8484-4AC65E1B71E8}
		{1A7F8D3D-091B-4409-8AB0-946948EBBCFA} = {10274755-2F25-421C-9C8F-3A438779505C}
		{38555331-375E-4C87-9454-A826318277F6} = {1A7F8D3D-091B-4409-8AB0-946948EBBCFA}
		{ED576CD0-2345-4C68-877F-76A99EF0B6D4} = {1A7F8D3D-091B-4409-8AB0-946948EBBCFA}
	EndGlobalSection
	GlobalSection(ExtensibilityGlobals) = postSolution
		SolutionGuid = {962B21CB-5EA5-4FB9-845E-0AEE226B9083}
	EndGlobalSection
EndGlobal
