
Microsoft Visual Studio Solution File, Format Version 12.00
# Visual Studio Version 17
VisualStudioVersion = 17.14.36616.10
MinimumVisualStudioVersion = 10.0.40219.1
Project("{FAE04EC0-301F-11D3-BF4B-00C04F79EFBC}") = "MergeTwoSortedLists_21", "MergeTwoSortedLists_21_Easy\MergeTwoSortedLists_21.csproj", "{5FC7626E-EDA1-44CC-A8B6-33822973ACC1}"
EndProject
Project("{FAE04EC0-301F-11D3-BF4B-00C04F79EFBC}") = "MergeTwoSortedLists_21_Test", "MergeTwoSortedLists_21_Easy_Test\MergeTwoSortedLists_21_Test.csproj", "{19B28A06-2969-4720-A56F-ECCEF731EB76}"
EndProject
Project("{2150E333-8FDC-42A3-9474-1A3956D46DE8}") = "BuildFoundation", "BuildFoundation", "{8EC462FD-D22E-90A8-E5CE-7E832BA40C5D}"
	ProjectSection(SolutionItems) = preProject
		Strategy.txt = Strategy.txt
	EndProjectSection
EndProject
Project("{2150E333-8FDC-42A3-9474-1A3956D46DE8}") = "29102025-07112025", "29102025-07112025", "{02EA681E-C7D8-13C7-8484-4AC65E1B71E8}"
EndProject
Project("{2150E333-8FDC-42A3-9474-1A3956D46DE8}") = "1_LinkedLists_Easy", "1_LinkedLists_Easy", "{B474158D-6574-484F-AE7B-ED4E99E3E8F0}"
EndProject
Project("{2150E333-8FDC-42A3-9474-1A3956D46DE8}") = "2_BinarySearch_Medium", "2_BinarySearch_Medium", "{1B352BE8-7F97-45E0-9335-72F92455FE90}"
EndProject
Project("{2150E333-8FDC-42A3-9474-1A3956D46DE8}") = "29102025", "29102025", "{A389C4E7-F523-4440-96F7-915B23613804}"
EndProject
Project("{2150E333-8FDC-42A3-9474-1A3956D46DE8}") = "30102025", "30102025", "{2E364FA1-C931-4F33-9255-BA9DC05573D0}"
EndProject
Project("{2150E333-8FDC-42A3-9474-1A3956D46DE8}") = "1_LinkedList_Easy", "1_LinkedList_Easy", "{B765B191-95FB-4684-A3EB-918192BF3B11}"
EndProject
Project("{FAE04EC0-301F-11D3-BF4B-00C04F79EFBC}") = "RemoveDuplicatesFromSortedList_83", "RemoveDuplicatesFromSortedList_83\RemoveDuplicatesFromSortedList_83.csproj", "{41C7C348-376A-49B1-A3A7-7AB9F3375733}"
EndProject
Project("{FAE04EC0-301F-11D3-BF4B-00C04F79EFBC}") = "RemoveDuplicatesFromSortedList_83_Test", "RemoveDuplicatesFromSortedList_83_Test\RemoveDuplicatesFromSortedList_83_Test.csproj", "{F13E4C8A-58FD-4F1E-854D-308FAC74FA20}"
EndProject
Project("{FAE04EC0-301F-11D3-BF4B-00C04F79EFBC}") = "DivideTwoIntegers_29", "DivideTwoIntegers_29\DivideTwoIntegers_29.csproj", "{D871E673-3A66-485A-94E1-FDF3EAED4A21}"
EndProject
Project("{2150E333-8FDC-42A3-9474-1A3956D46DE8}") = "2_BinarySearch_Medium", "2_BinarySearch_Medium", "{6C2F2CEC-D86A-4B7D-B5A6-A2DD210D0828}"
EndProject
Project("{FAE04EC0-301F-11D3-BF4B-00C04F79EFBC}") = "SearchInRotatedSortedArray_3", "SearchInRotatedSortedArray\SearchInRotatedSortedArray_3.csproj", "{8A633278-2070-4F27-99B9-95025E817451}"
EndProject
Project("{2150E333-8FDC-42A3-9474-1A3956D46DE8}") = "31102025", "31102025", "{4915B6DE-ECC7-4B55-9A51-EEF6FCB40E7A}"
EndProject
Project("{2150E333-8FDC-42A3-9474-1A3956D46DE8}") = "1_LinkedList_Easy", "1_LinkedList_Easy", "{2B537541-54DF-4BD0-8EB1-9813DD4CB6D7}"
EndProject
Project("{FAE04EC0-301F-11D3-BF4B-00C04F79EFBC}") = "LinkedListCycle_141", "LinkedListCycle_141\LinkedListCycle_141.csproj", "{6E8238B4-C185-407E-B1C7-85BC54A61FE7}"
EndProject
Project("{FAE04EC0-301F-11D3-BF4B-00C04F79EFBC}") = "LinkedListCycle_141_Test", "LinkedListCycle_141_Test\LinkedListCycle_141_Test.csproj", "{AF4B1631-FD7F-4B43-9BD7-0D00EEAE419B}"
EndProject
Project("{2150E333-8FDC-42A3-9474-1A3956D46DE8}") = "2_BinarySearch_Medium", "2_BinarySearch_Medium", "{83C8C3FB-69D1-477F-A9C1-33B4D41155AD}"
EndProject
Project("{FAE04EC0-301F-11D3-BF4B-00C04F79EFBC}") = "FindFirstAndLastPositionOfElementInSortedArray_34", "FindFirstAndLastPositionOfElementInSortedArray_34\FindFirstAndLastPositionOfElementInSortedArray_34.csproj", "{913E7537-B9E0-43CA-B25D-0B3B837D0B92}"
EndProject
Project("{FAE04EC0-301F-11D3-BF4B-00C04F79EFBC}") = "FindFirstAndLastPositionOfElementInSortedArray_34_Test", "FindFirstAndLastPositionOfElementInSortedArray_34_Test\FindFirstAndLastPositionOfElementInSortedArray_34_Test.csproj", "{641AD7A1-F9F2-4998-9E17-D174B13B8C7B}"
EndProject
Project("{2150E333-8FDC-42A3-9474-1A3956D46DE8}") = "01112025", "01112025", "{D700FFB0-C9EF-49E0-A369-40533017C630}"
EndProject
Project("{2150E333-8FDC-42A3-9474-1A3956D46DE8}") = "1_LinkedList_Easy", "1_LinkedList_Easy", "{F2237775-9293-4976-B946-7AFE90963BE2}"
EndProject
Project("{FAE04EC0-301F-11D3-BF4B-00C04F79EFBC}") = "IntersectionOfTwoLinkedLists_160", "IntersectionOfTwoLinkedLists_160\IntersectionOfTwoLinkedLists_160.csproj", "{510DB8DF-5A22-4A9E-8D07-8F0E94D9BCB6}"
EndProject
Global
	GlobalSection(SolutionConfigurationPlatforms) = preSolution
		Debug|Any CPU = Debug|Any CPU
		Release|Any CPU = Release|Any CPU
	EndGlobalSection
	GlobalSection(ProjectConfigurationPlatforms) = postSolution
		{5FC7626E-EDA1-44CC-A8B6-33822973ACC1}.Debug|Any CPU.ActiveCfg = Debug|Any CPU
		{5FC7626E-EDA1-44CC-A8B6-33822973ACC1}.Debug|Any CPU.Build.0 = Debug|Any CPU
		{5FC7626E-EDA1-44CC-A8B6-33822973ACC1}.Release|Any CPU.ActiveCfg = Release|Any CPU
		{5FC7626E-EDA1-44CC-A8B6-33822973ACC1}.Release|Any CPU.Build.0 = Release|Any CPU
		{19B28A06-2969-4720-A56F-ECCEF731EB76}.Debug|Any CPU.ActiveCfg = Debug|Any CPU
		{19B28A06-2969-4720-A56F-ECCEF731EB76}.Debug|Any CPU.Build.0 = Debug|Any CPU
		{19B28A06-2969-4720-A56F-ECCEF731EB76}.Release|Any CPU.ActiveCfg = Release|Any CPU
		{19B28A06-2969-4720-A56F-ECCEF731EB76}.Release|Any CPU.Build.0 = Release|Any CPU
		{41C7C348-376A-49B1-A3A7-7AB9F3375733}.Debug|Any CPU.ActiveCfg = Debug|Any CPU
		{41C7C348-376A-49B1-A3A7-7AB9F3375733}.Debug|Any CPU.Build.0 = Debug|Any CPU
		{41C7C348-376A-49B1-A3A7-7AB9F3375733}.Release|Any CPU.ActiveCfg = Release|Any CPU
		{41C7C348-376A-49B1-A3A7-7AB9F3375733}.Release|Any CPU.Build.0 = Release|Any CPU
		{F13E4C8A-58FD-4F1E-854D-308FAC74FA20}.Debug|Any CPU.ActiveCfg = Debug|Any CPU
		{F13E4C8A-58FD-4F1E-854D-308FAC74FA20}.Debug|Any CPU.Build.0 = Debug|Any CPU
		{F13E4C8A-58FD-4F1E-854D-308FAC74FA20}.Release|Any CPU.ActiveCfg = Release|Any CPU
		{F13E4C8A-58FD-4F1E-854D-308FAC74FA20}.Release|Any CPU.Build.0 = Release|Any CPU
		{D871E673-3A66-485A-94E1-FDF3EAED4A21}.Debug|Any CPU.ActiveCfg = Debug|Any CPU
		{D871E673-3A66-485A-94E1-FDF3EAED4A21}.Debug|Any CPU.Build.0 = Debug|Any CPU
		{D871E673-3A66-485A-94E1-FDF3EAED4A21}.Release|Any CPU.ActiveCfg = Release|Any CPU
		{D871E673-3A66-485A-94E1-FDF3EAED4A21}.Release|Any CPU.Build.0 = Release|Any CPU
		{8A633278-2070-4F27-99B9-95025E817451}.Debug|Any CPU.ActiveCfg = Debug|Any CPU
		{8A633278-2070-4F27-99B9-95025E817451}.Debug|Any CPU.Build.0 = Debug|Any CPU
		{8A633278-2070-4F27-99B9-95025E817451}.Release|Any CPU.ActiveCfg = Release|Any CPU
		{8A633278-2070-4F27-99B9-95025E817451}.Release|Any CPU.Build.0 = Release|Any CPU
		{6E8238B4-C185-407E-B1C7-85BC54A61FE7}.Debug|Any CPU.ActiveCfg = Debug|Any CPU
		{6E8238B4-C185-407E-B1C7-85BC54A61FE7}.Debug|Any CPU.Build.0 = Debug|Any CPU
		{6E8238B4-C185-407E-B1C7-85BC54A61FE7}.Release|Any CPU.ActiveCfg = Release|Any CPU
		{6E8238B4-C185-407E-B1C7-85BC54A61FE7}.Release|Any CPU.Build.0 = Release|Any CPU
		{AF4B1631-FD7F-4B43-9BD7-0D00EEAE419B}.Debug|Any CPU.ActiveCfg = Debug|Any CPU
		{AF4B1631-FD7F-4B43-9BD7-0D00EEAE419B}.Debug|Any CPU.Build.0 = Debug|Any CPU
		{AF4B1631-FD7F-4B43-9BD7-0D00EEAE419B}.Release|Any CPU.ActiveCfg = Release|Any CPU
		{AF4B1631-FD7F-4B43-9BD7-0D00EEAE419B}.Release|Any CPU.Build.0 = Release|Any CPU
		{913E7537-B9E0-43CA-B25D-0B3B837D0B92}.Debug|Any CPU.ActiveCfg = Debug|Any CPU
		{913E7537-B9E0-43CA-B25D-0B3B837D0B92}.Debug|Any CPU.Build.0 = Debug|Any CPU
		{913E7537-B9E0-43CA-B25D-0B3B837D0B92}.Release|Any CPU.ActiveCfg = Release|Any CPU
		{913E7537-B9E0-43CA-B25D-0B3B837D0B92}.Release|Any CPU.Build.0 = Release|Any CPU
		{641AD7A1-F9F2-4998-9E17-D174B13B8C7B}.Debug|Any CPU.ActiveCfg = Debug|Any CPU
		{641AD7A1-F9F2-4998-9E17-D174B13B8C7B}.Debug|Any CPU.Build.0 = Debug|Any CPU
		{641AD7A1-F9F2-4998-9E17-D174B13B8C7B}.Release|Any CPU.ActiveCfg = Release|Any CPU
		{641AD7A1-F9F2-4998-9E17-D174B13B8C7B}.Release|Any CPU.Build.0 = Release|Any CPU
		{510DB8DF-5A22-4A9E-8D07-8F0E94D9BCB6}.Debug|Any CPU.ActiveCfg = Debug|Any CPU
		{510DB8DF-5A22-4A9E-8D07-8F0E94D9BCB6}.Debug|Any CPU.Build.0 = Debug|Any CPU
		{510DB8DF-5A22-4A9E-8D07-8F0E94D9BCB6}.Release|Any CPU.ActiveCfg = Release|Any CPU
		{510DB8DF-5A22-4A9E-8D07-8F0E94D9BCB6}.Release|Any CPU.Build.0 = Release|Any CPU
	EndGlobalSection
	GlobalSection(SolutionProperties) = preSolution
		HideSolutionNode = FALSE
	EndGlobalSection
	GlobalSection(NestedProjects) = preSolution
		{5FC7626E-EDA1-44CC-A8B6-33822973ACC1} = {B474158D-6574-484F-AE7B-ED4E99E3E8F0}
		{19B28A06-2969-4720-A56F-ECCEF731EB76} = {B474158D-6574-484F-AE7B-ED4E99E3E8F0}
		{B474158D-6574-484F-AE7B-ED4E99E3E8F0} = {A389C4E7-F523-4440-96F7-915B23613804}
		{1B352BE8-7F97-45E0-9335-72F92455FE90} = {A389C4E7-F523-4440-96F7-915B23613804}
		{A389C4E7-F523-4440-96F7-915B23613804} = {02EA681E-C7D8-13C7-8484-4AC65E1B71E8}
		{2E364FA1-C931-4F33-9255-BA9DC05573D0} = {02EA681E-C7D8-13C7-8484-4AC65E1B71E8}
		{B765B191-95FB-4684-A3EB-918192BF3B11} = {2E364FA1-C931-4F33-9255-BA9DC05573D0}
		{41C7C348-376A-49B1-A3A7-7AB9F3375733} = {B765B191-95FB-4684-A3EB-918192BF3B11}
		{F13E4C8A-58FD-4F1E-854D-308FAC74FA20} = {B765B191-95FB-4684-A3EB-918192BF3B11}
		{D871E673-3A66-485A-94E1-FDF3EAED4A21} = {1B352BE8-7F97-45E0-9335-72F92455FE90}
		{6C2F2CEC-D86A-4B7D-B5A6-A2DD210D0828} = {2E364FA1-C931-4F33-9255-BA9DC05573D0}
		{8A633278-2070-4F27-99B9-95025E817451} = {6C2F2CEC-D86A-4B7D-B5A6-A2DD210D0828}
		{4915B6DE-ECC7-4B55-9A51-EEF6FCB40E7A} = {02EA681E-C7D8-13C7-8484-4AC65E1B71E8}
		{2B537541-54DF-4BD0-8EB1-9813DD4CB6D7} = {4915B6DE-ECC7-4B55-9A51-EEF6FCB40E7A}
		{6E8238B4-C185-407E-B1C7-85BC54A61FE7} = {2B537541-54DF-4BD0-8EB1-9813DD4CB6D7}
		{AF4B1631-FD7F-4B43-9BD7-0D00EEAE419B} = {2B537541-54DF-4BD0-8EB1-9813DD4CB6D7}
		{83C8C3FB-69D1-477F-A9C1-33B4D41155AD} = {4915B6DE-ECC7-4B55-9A51-EEF6FCB40E7A}
		{913E7537-B9E0-43CA-B25D-0B3B837D0B92} = {83C8C3FB-69D1-477F-A9C1-33B4D41155AD}
		{641AD7A1-F9F2-4998-9E17-D174B13B8C7B} = {83C8C3FB-69D1-477F-A9C1-33B4D41155AD}
		{D700FFB0-C9EF-49E0-A369-40533017C630} = {02EA681E-C7D8-13C7-8484-4AC65E1B71E8}
		{F2237775-9293-4976-B946-7AFE90963BE2} = {D700FFB0-C9EF-49E0-A369-40533017C630}
		{510DB8DF-5A22-4A9E-8D07-8F0E94D9BCB6} = {F2237775-9293-4976-B946-7AFE90963BE2}
	EndGlobalSection
	GlobalSection(ExtensibilityGlobals) = postSolution
		SolutionGuid = {962B21CB-5EA5-4FB9-845E-0AEE226B9083}
	EndGlobalSection
EndGlobal
